// !$*UTF8*$!
{
	archiveVersion = 1;
	classes = {
	};
	objectVersion = 46;
	objects = {

/* Begin PBXBuildFile section */
		34A2E3701B7E10E500F0092F /* AppDelegate.swift in Sources */ = {isa = PBXBuildFile; fileRef = 34A2E36F1B7E10E500F0092F /* AppDelegate.swift */; };
		34A2E3721B7E10E500F0092F /* ViewController.swift in Sources */ = {isa = PBXBuildFile; fileRef = 34A2E3711B7E10E500F0092F /* ViewController.swift */; };
		34A2E3751B7E10E500F0092F /* Main.storyboard in Resources */ = {isa = PBXBuildFile; fileRef = 34A2E3731B7E10E500F0092F /* Main.storyboard */; };
		34A2E3771B7E10E500F0092F /* Images.xcassets in Resources */ = {isa = PBXBuildFile; fileRef = 34A2E3761B7E10E500F0092F /* Images.xcassets */; };
		34A2E37A1B7E10E500F0092F /* LaunchScreen.xib in Resources */ = {isa = PBXBuildFile; fileRef = 34A2E3781B7E10E500F0092F /* LaunchScreen.xib */; };
		34A2E3861B7E10E500F0092F /* demo8_3_coderArchiverTests.swift in Sources */ = {isa = PBXBuildFile; fileRef = 34A2E3851B7E10E500F0092F /* demo8_3_coderArchiverTests.swift */; };
/* End PBXBuildFile section */

/* Begin PBXContainerItemProxy section */
		34A2E3801B7E10E500F0092F /* PBXContainerItemProxy */ = {
			isa = PBXContainerItemProxy;
			containerPortal = 34A2E3621B7E10E400F0092F /* Project object */;
			proxyType = 1;
			remoteGlobalIDString = 34A2E3691B7E10E500F0092F;
			remoteInfo = demo8.3_coderArchiver;
		};
/* End PBXContainerItemProxy section */

/* Begin PBXFileReference section */
		34A2E36A1B7E10E500F0092F /* demo8.3_coderArchiver.app */ = {isa = PBXFileReference; explicitFileType = wrapper.application; includeInIndex = 0; path = demo8.3_coderArchiver.app; sourceTree = BUILT_PRODUCTS_DIR; };
		34A2E36E1B7E10E500F0092F /* Info.plist */ = {isa = PBXFileReference; lastKnownFileType = text.plist.xml; path = Info.plist; sourceTree = "<group>"; };
		34A2E36F1B7E10E500F0092F /* AppDelegate.swift */ = {isa = PBXFileReference; lastKnownFileType = sourcecode.swift; path = AppDelegate.swift; sourceTree = "<group>"; };
		34A2E3711B7E10E500F0092F /* ViewController.swift */ = {isa = PBXFileReference; lastKnownFileType = sourcecode.swift; path = ViewController.swift; sourceTree = "<group>"; };
		34A2E3741B7E10E500F0092F /* Base */ = {isa = PBXFileReference; lastKnownFileType = file.storyboard; name = Base; path = Base.lproj/Main.storyboard; sourceTree = "<group>"; };
		34A2E3761B7E10E500F0092F /* Images.xcassets */ = {isa = PBXFileReference; lastKnownFileType = folder.assetcatalog; path = Images.xcassets; sourceTree = "<group>"; };
		34A2E3791B7E10E500F0092F /* Base */ = {isa = PBXFileReference; lastKnownFileType = file.xib; name = Base; path = Base.lproj/LaunchScreen.xib; sourceTree = "<group>"; };
		34A2E37F1B7E10E500F0092F /* demo8.3_coderArchiverTests.xctest */ = {isa = PBXFileReference; explicitFileType = wrapper.cfbundle; includeInIndex = 0; path = demo8.3_coderArchiverTests.xctest; sourceTree = BUILT_PRODUCTS_DIR; };
		34A2E3841B7E10E500F0092F /* Info.plist */ = {isa = PBXFileReference; lastKnownFileType = text.plist.xml; path = Info.plist; sourceTree = "<group>"; };
		34A2E3851B7E10E500F0092F /* demo8_3_coderArchiverTests.swift */ = {isa = PBXFileReference; lastKnownFileType = sourcecode.swift; path = demo8_3_coderArchiverTests.swift; sourceTree = "<group>"; };
/* End PBXFileReference section */

/* Begin PBXFrameworksBuildPhase section */
		34A2E3671B7E10E500F0092F /* Frameworks */ = {
			isa = PBXFrameworksBuildPhase;
			buildActionMask = 2147483647;
			files = (
			);
			runOnlyForDeploymentPostprocessing = 0;
		};
		34A2E37C1B7E10E500F0092F /* Frameworks */ = {
			isa = PBXFrameworksBuildPhase;
			buildActionMask = 2147483647;
			files = (
			);
			runOnlyForDeploymentPostprocessing = 0;
		};
/* End PBXFrameworksBuildPhase section */

/* Begin PBXGroup section */
		34A2E3611B7E10E400F0092F = {
			isa = PBXGroup;
			children = (
				34A2E36C1B7E10E500F0092F /* demo8.3_coderArchiver */,
				34A2E3821B7E10E500F0092F /* demo8.3_coderArchiverTests */,
				34A2E36B1B7E10E500F0092F /* Products */,
			);
			sourceTree = "<group>";
		};
		34A2E36B1B7E10E500F0092F /* Products */ = {
			isa = PBXGroup;
			children = (
				34A2E36A1B7E10E500F0092F /* demo8.3_coderArchiver.app */,
				34A2E37F1B7E10E500F0092F /* demo8.3_coderArchiverTests.xctest */,
			);
			name = Products;
			sourceTree = "<group>";
		};
		34A2E36C1B7E10E500F0092F /* demo8.3_coderArchiver */ = {
			isa = PBXGroup;
			children = (
				34A2E36F1B7E10E500F0092F /* AppDelegate.swift */,
				34A2E3711B7E10E500F0092F /* ViewController.swift */,
				34A2E3731B7E10E500F0092F /* Main.storyboard */,
				34A2E3761B7E10E500F0092F /* Images.xcassets */,
				34A2E3781B7E10E500F0092F /* LaunchScreen.xib */,
				34A2E36D1B7E10E500F0092F /* Supporting Files */,
			);
			path = demo8.3_coderArchiver;
			sourceTree = "<group>";
		};
		34A2E36D1B7E10E500F0092F /* Supporting Files */ = {
			isa = PBXGroup;
			children = (
				34A2E36E1B7E10E500F0092F /* Info.plist */,
			);
			name = "Supporting Files";
			sourceTree = "<group>";
		};
		34A2E3821B7E10E500F0092F /* demo8.3_coderArchiverTests */ = {
			isa = PBXGroup;
			children = (
				34A2E3851B7E10E500F0092F /* demo8_3_coderArchiverTests.swift */,
				34A2E3831B7E10E500F0092F /* Supporting Files */,
			);
			path = demo8.3_coderArchiverTests;
			sourceTree = "<group>";
		};
		34A2E3831B7E10E500F0092F /* Supporting Files */ = {
			isa = PBXGroup;
			children = (
				34A2E3841B7E10E500F0092F /* Info.plist */,
			);
			name = "Supporting Files";
			sourceTree = "<group>";
		};
/* End PBXGroup section */

/* Begin PBXNativeTarget section */
		34A2E3691B7E10E500F0092F /* demo8.3_coderArchiver */ = {
			isa = PBXNativeTarget;
			buildConfigurationList = 34A2E3891B7E10E500F0092F /* Build configuration list for PBXNativeTarget "demo8.3_coderArchiver" */;
			buildPhases = (
				34A2E3661B7E10E500F0092F /* Sources */,
				34A2E3671B7E10E500F0092F /* Frameworks */,
				34A2E3681B7E10E500F0092F /* Resources */,
			);
			buildRules = (
			);
			dependencies = (
			);
			name = demo8.3_coderArchiver;
			productName = demo8.3_coderArchiver;
			productReference = 34A2E36A1B7E10E500F0092F /* demo8.3_coderArchiver.app */;
			productType = "com.apple.product-type.application";
		};
		34A2E37E1B7E10E500F0092F /* demo8.3_coderArchiverTests */ = {
			isa = PBXNativeTarget;
			buildConfigurationList = 34A2E38C1B7E10E500F0092F /* Build configuration list for PBXNativeTarget "demo8.3_coderArchiverTests" */;
			buildPhases = (
				34A2E37B1B7E10E500F0092F /* Sources */,
				34A2E37C1B7E10E500F0092F /* Frameworks */,
				34A2E37D1B7E10E500F0092F /* Resources */,
			);
			buildRules = (
			);
			dependencies = (
				34A2E3811B7E10E500F0092F /* PBXTargetDependency */,
			);
			name = demo8.3_coderArchiverTests;
			productName = demo8.3_coderArchiverTests;
			productReference = 34A2E37F1B7E10E500F0092F /* demo8.3_coderArchiverTests.xctest */;
			productType = "com.apple.product-type.bundle.unit-test";
		};
/* End PBXNativeTarget section */

/* Begin PBXProject section */
		34A2E3621B7E10E400F0092F /* Project object */ = {
			isa = PBXProject;
			attributes = {
				LastUpgradeCheck = 0640;
				ORGANIZATIONNAME = Al;
				TargetAttributes = {
					34A2E3691B7E10E500F0092F = {
						CreatedOnToolsVersion = 6.4;
					};
					34A2E37E1B7E10E500F0092F = {
						CreatedOnToolsVersion = 6.4;
						TestTargetID = 34A2E3691B7E10E500F0092F;
					};
				};
			};
			buildConfigurationList = 34A2E3651B7E10E400F0092F /* Build configuration list for PBXProject "demo8.3_coderArchiver" */;
			compatibilityVersion = "Xcode 3.2";
			developmentRegion = English;
			hasScannedForEncodings = 0;
			knownRegions = (
				en,
				Base,
			);
			mainGroup = 34A2E3611B7E10E400F0092F;
			productRefGroup = 34A2E36B1B7E10E500F0092F /* Products */;
			projectDirPath = "";
			projectRoot = "";
			targets = (
				34A2E3691B7E10E500F0092F /* demo8.3_coderArchiver */,
				34A2E37E1B7E10E500F0092F /* demo8.3_coderArchiverTests */,
			);
		};
/* End PBXProject section */

/* Begin PBXResourcesBuildPhase section */
		34A2E3681B7E10E500F0092F /* Resources */ = {
			isa = PBXResourcesBuildPhase;
			buildActionMask = 2147483647;
			files = (
				34A2E3751B7E10E500F0092F /* Main.storyboard in Resources */,
				34A2E37A1B7E10E500F0092F /* LaunchScreen.xib in Resources */,
				34A2E3771B7E10E500F0092F /* Images.xcassets in Resources */,
			);
			runOnlyForDeploymentPostprocessing = 0;
		};
		34A2E37D1B7E10E500F0092F /* Resources */ = {
			isa = PBXResourcesBuildPhase;
			buildActionMask = 2147483647;
			files = (
			);
			runOnlyForDeploymentPostprocessing = 0;
		};
/* End PBXResourcesBuildPhase section */

/* Begin PBXSourcesBuildPhase section */
		34A2E3661B7E10E500F0092F /* Sources */ = {
			isa = PBXSourcesBuildPhase;
			buildActionMask = 2147483647;
			files = (
				34A2E3721B7E10E500F0092F /* ViewController.swift in Sources */,
				34A2E3701B7E10E500F0092F /* AppDelegate.swift in Sources */,
			);
			runOnlyForDeploymentPostprocessing = 0;
		};
		34A2E37B1B7E10E500F0092F /* Sources */ = {
			isa = PBXSourcesBuildPhase;
			buildActionMask = 2147483647;
			files = (
				34A2E3861B7E10E500F0092F /* demo8_3_coderArchiverTests.swift in Sources */,
			);
			runOnlyForDeploymentPostprocessing = 0;
		};
/* End PBXSourcesBuildPhase section */

/* Begin PBXTargetDependency section */
		34A2E3811B7E10E500F0092F /* PBXTargetDependency */ = {
			isa = PBXTargetDependency;
			target = 34A2E3691B7E10E500F0092F /* demo8.3_coderArchiver */;
			targetProxy = 34A2E3801B7E10E500F0092F /* PBXContainerItemProxy */;
		};
/* End PBXTargetDependency section */

/* Begin PBXVariantGroup section */
		34A2E3731B7E10E500F0092F /* Main.storyboard */ = {
			isa = PBXVariantGroup;
			children = (
				34A2E3741B7E10E500F0092F /* Base */,
			);
			name = Main.storyboard;
			sourceTree = "<group>";
		};
		34A2E3781B7E10E500F0092F /* LaunchScreen.xib */ = {
			isa = PBXVariantGroup;
			children = (
				34A2E3791B7E10E500F0092F /* Base */,
			);
			name = LaunchScreen.xib;
			sourceTree = "<group>";
		};
/* End PBXVariantGroup section */

/* Begin XCBuildConfiguration section */
		34A2E3871B7E10E500F0092F /* Debug */ = {
			isa = XCBuildConfiguration;
			buildSettings = {
				ALWAYS_SEARCH_USER_PATHS = NO;
				CLANG_CXX_LANGUAGE_STANDARD = "gnu++0x";
				CLANG_CXX_LIBRARY = "libc++";
				CLANG_ENABLE_MODULES = YES;
				CLANG_ENABLE_OBJC_ARC = YES;
				CLANG_WARN_BOOL_CONVERSION = YES;
				CLANG_WARN_CONSTANT_CONVERSION = YES;
				CLANG_WARN_DIRECT_OBJC_ISA_USAGE = YES_ERROR;
				CLANG_WARN_EMPTY_BODY = YES;
				CLANG_WARN_ENUM_CONVERSION = YES;
				CLANG_WARN_INT_CONVERSION = YES;
				CLANG_WARN_OBJC_ROOT_CLASS = YES_ERROR;
				CLANG_WARN_UNREACHABLE_CODE = YES;
				CLANG_WARN__DUPLICATE_METHOD_MATCH = YES;
				"CODE_SIGN_IDENTITY[sdk=iphoneos*]" = "iPhone Developer";
				COPY_PHASE_STRIP = NO;
				DEBUG_INFORMATION_FORMAT = "dwarf-with-dsym";
				ENABLE_STRICT_OBJC_MSGSEND = YES;
				GCC_C_LANGUAGE_STANDARD = gnu99;
				GCC_DYNAMIC_NO_PIC = NO;
				GCC_NO_COMMON_BLOCKS = YES;
				GCC_OPTIMIZATION_LEVEL = 0;
				GCC_PREPROCESSOR_DEFINITIONS = (
					"DEBUG=1",
					"$(inherited)",
				);
				GCC_SYMBOLS_PRIVATE_EXTERN = NO;
				GCC_WARN_64_TO_32_BIT_CONVERSION = YES;
				GCC_WARN_ABOUT_RETURN_TYPE = YES_ERROR;
				GCC_WARN_UNDECLARED_SELECTOR = YES;
				GCC_WARN_UNINITIALIZED_AUTOS = YES_AGGRESSIVE;
				GCC_WARN_UNUSED_FUNCTION = YES;
				GCC_WARN_UNUSED_VARIABLE = YES;
				IPHONEOS_DEPLOYMENT_TARGET = 8.4;
				MTL_ENABLE_DEBUG_INFO = YES;
				ONLY_ACTIVE_ARCH = YES;
				SDKROOT = iphoneos;
				SWIFT_OPTIMIZATION_LEVEL = "-Onone";
			};
			name = Debug;
		};
		34A2E3881B7E10E500F0092F /* Release */ = {
			isa = XCBuildConfiguration;
			buildSettings = {
				ALWAYS_SEARCH_USER_PATHS = NO;
				CLANG_CXX_LANGUAGE_STANDARD = "gnu++0x";
				CLANG_CXX_LIBRARY = "libc++";
				CLANG_ENABLE_MODULES = YES;
				CLANG_ENABLE_OBJC_ARC = YES;
				CLANG_WARN_BOOL_CONVERSION = YES;
				CLANG_WARN_CONSTANT_CONVERSION = YES;
				CLANG_WARN_DIRECT_OBJC_ISA_USAGE = YES_ERROR;
				CLANG_WARN_EMPTY_BODY = YES;
				CLANG_WARN_ENUM_CONVERSION = YES;
				CLANG_WARN_INT_CONVERSION = YES;
				CLANG_WARN_OBJC_ROOT_CLASS = YES_ERROR;
				CLANG_WARN_UNREACHABLE_CODE = YES;
				CLANG_WARN__DUPLICATE_METHOD_MATCH = YES;
				"CODE_SIGN_IDENTITY[sdk=iphoneos*]" = "iPhone Developer";
				COPY_PHASE_STRIP = NO;
				DEBUG_INFORMATION_FORMAT = "dwarf-with-dsym";
				ENABLE_NS_ASSERTIONS = NO;
				ENABLE_STRICT_OBJC_MSGSEND = YES;
				GCC_C_LANGUAGE_STANDARD = gnu99;
				GCC_NO_COMMON_BLOCKS = YES;
				GCC_WARN_64_TO_32_BIT_CONVERSION = YES;
				GCC_WARN_ABOUT_RETURN_TYPE = YES_ERROR;
				GCC_WARN_UNDECLARED_SELECTOR = YES;
				GCC_WARN_UNINITIALIZED_AUTOS = YES_AGGRESSIVE;
				GCC_WARN_UNUSED_FUNCTION = YES;
				GCC_WARN_UNUSED_VARIABLE = YES;
				IPHONEOS_DEPLOYMENT_TARGET = 8.4;
				MTL_ENABLE_DEBUG_INFO = NO;
				SDKROOT = iphoneos;
				VALIDATE_PRODUCT = YES;
			};
			name = Release;
		};
		34A2E38A1B7E10E500F0092F /* Debug */ = {
			isa = XCBuildConfiguration;
			buildSettings = {
				ASSETCATALOG_COMPILER_APPICON_NAME = AppIcon;
				INFOPLIST_FILE = demo8.3_coderArchiver/Info.plist;
				LD_RUNPATH_SEARCH_PATHS = "$(inherited) @executable_path/Frameworks";
				PRODUCT_NAME = "$(TARGET_NAME)";
			};
			name = Debug;
		};
		34A2E38B1B7E10E500F0092F /* Release */ = {
			isa = XCBuildConfiguration;
			buildSettings = {
				ASSETCATALOG_COMPILER_APPICON_NAME = AppIcon;
				INFOPLIST_FILE = demo8.3_coderArchiver/Info.plist;
				LD_RUNPATH_SEARCH_PATHS = "$(inherited) @executable_path/Frameworks";
				PRODUCT_NAME = "$(TARGET_NAME)";
			};
			name = Release;
		};
		34A2E38D1B7E10E500F0092F /* Debug */ = {
			isa = XCBuildConfiguration;
			buildSettings = {
				BUNDLE_LOADER = "$(TEST_HOST)";
				FRAMEWORK_SEARCH_PATHS = (
					"$(SDKROOT)/Developer/Library/Frameworks",
					"$(inherited)",
				);
				GCC_PREPROCESSOR_DEFINITIONS = (
					"DEBUG=1",
					"$(inherited)",
				);
				INFOPLIST_FILE = demo8.3_coderArchiverTests/Info.plist;
				LD_RUNPATH_SEARCH_PATHS = "$(inherited) @executable_path/Frameworks @loader_path/Frameworks";
				PRODUCT_NAME = "$(TARGET_NAME)";
				TEST_HOST = "$(BUILT_PRODUCTS_DIR)/demo8.3_coderArchiver.app/demo8.3_coderArchiver";
			};
			name = Debug;
		};
		34A2E38E1B7E10E500F0092F /* Release */ = {
			isa = XCBuildConfiguration;
			buildSettings = {
				BUNDLE_LOADER = "$(TEST_HOST)";
				FRAMEWORK_SEARCH_PATHS = (
					"$(SDKROOT)/Developer/Library/Frameworks",
					"$(inherited)",
				);
				INFOPLIST_FILE = demo8.3_coderArchiverTests/Info.plist;
				LD_RUNPATH_SEARCH_PATHS = "$(inherited) @executable_path/Frameworks @loader_path/Frameworks";
				PRODUCT_NAME = "$(TARGET_NAME)";
				TEST_HOST = "$(BUILT_PRODUCTS_DIR)/demo8.3_coderArchiver.app/demo8.3_coderArchiver";
			};
			name = Release;
		};
/* End XCBuildConfiguration section */

/* Begin XCConfigurationList section */
		34A2E3651B7E10E400F0092F /* Build configuration list for PBXProject "demo8.3_coderArchiver" */ = {
			isa = XCConfigurationList;
			buildConfigurations = (
				34A2E3871B7E10E500F0092F /* Debug */,
				34A2E3881B7E10E500F0092F /* Release */,
			);
			defaultConfigurationIsVisible = 0;
			defaultConfigurationName = Release;
		};
		34A2E3891B7E10E500F0092F /* Build configuration list for PBXNativeTarget "demo8.3_coderArchiver" */ = {
			isa = XCConfigurationList;
			buildConfigurations = (
				34A2E38A1B7E10E500F0092F /* Debug */,
				34A2E38B1B7E10E500F0092F /* Release */,
			);
			defaultConfigurationIsVisible = 0;
		};
		34A2E38C1B7E10E500F0092F /* Build configuration list for PBXNativeTarget "demo8.3_coderArchiverTests" */ = {
			isa = XCConfigurationList;
			buildConfigurations = (
				34A2E38D1B7E10E500F0092F /* Debug */,
				34A2E38E1B7E10E500F0092F /* Release */,
			);
			defaultConfigurationIsVisible = 0;
		};
/* End XCConfigurationList section */
	};
	rootObject = 34A2E3621B7E10E400F0092F /* Project object */;
}
