// !$*UTF8*$!
{
	archiveVersion = 1;
	classes = {
	};
	objectVersion = 47;
	objects = {

/* Begin PBXBuildFile section */
		3457BF411B4EF3D600FCCAD3 /* AppDelegate.swift in Sources */ = {isa = PBXBuildFile; fileRef = 3457BF401B4EF3D600FCCAD3 /* AppDelegate.swift */; };
		3457BF431B4EF3D600FCCAD3 /* ViewController.swift in Sources */ = {isa = PBXBuildFile; fileRef = 3457BF421B4EF3D600FCCAD3 /* ViewController.swift */; };
		3457BF461B4EF3D600FCCAD3 /* Main.storyboard in Resources */ = {isa = PBXBuildFile; fileRef = 3457BF441B4EF3D600FCCAD3 /* Main.storyboard */; };
		3457BF481B4EF3D600FCCAD3 /* Images.xcassets in Resources */ = {isa = PBXBuildFile; fileRef = 3457BF471B4EF3D600FCCAD3 /* Images.xcassets */; };
		3457BF4B1B4EF3D600FCCAD3 /* LaunchScreen.xib in Resources */ = {isa = PBXBuildFile; fileRef = 3457BF491B4EF3D600FCCAD3 /* LaunchScreen.xib */; };
		3457BF571B4EF3D600FCCAD3 /* vcDirectTests.swift in Sources */ = {isa = PBXBuildFile; fileRef = 3457BF561B4EF3D600FCCAD3 /* vcDirectTests.swift */; };
		3457BF621B4EF59200FCCAD3 /* SecondVC.swift in Sources */ = {isa = PBXBuildFile; fileRef = 3457BF601B4EF59200FCCAD3 /* SecondVC.swift */; };
		3457BF631B4EF59200FCCAD3 /* SecondVC.xib in Resources */ = {isa = PBXBuildFile; fileRef = 3457BF611B4EF59200FCCAD3 /* SecondVC.xib */; };
		3457BF661B4EF6F500FCCAD3 /* ThirdVC.swift in Sources */ = {isa = PBXBuildFile; fileRef = 3457BF641B4EF6F500FCCAD3 /* ThirdVC.swift */; };
		3457BF671B4EF6F500FCCAD3 /* ThirdVC.xib in Resources */ = {isa = PBXBuildFile; fileRef = 3457BF651B4EF6F500FCCAD3 /* ThirdVC.xib */; };
		3457BF691B4F02A600FCCAD3 /* rebelVC.swift in Sources */ = {isa = PBXBuildFile; fileRef = 3457BF681B4F02A600FCCAD3 /* rebelVC.swift */; };
/* End PBXBuildFile section */

/* Begin PBXContainerItemProxy section */
		3457BF511B4EF3D600FCCAD3 /* PBXContainerItemProxy */ = {
			isa = PBXContainerItemProxy;
			containerPortal = 3457BF331B4EF3D600FCCAD3 /* Project object */;
			proxyType = 1;
			remoteGlobalIDString = 3457BF3A1B4EF3D600FCCAD3;
			remoteInfo = vcDirect;
		};
/* End PBXContainerItemProxy section */

/* Begin PBXFileReference section */
		3457BF3B1B4EF3D600FCCAD3 /* vcDirect.app */ = {isa = PBXFileReference; explicitFileType = wrapper.application; includeInIndex = 0; path = vcDirect.app; sourceTree = BUILT_PRODUCTS_DIR; };
		3457BF3F1B4EF3D600FCCAD3 /* Info.plist */ = {isa = PBXFileReference; lastKnownFileType = text.plist.xml; path = Info.plist; sourceTree = "<group>"; };
		3457BF401B4EF3D600FCCAD3 /* AppDelegate.swift */ = {isa = PBXFileReference; lastKnownFileType = sourcecode.swift; path = AppDelegate.swift; sourceTree = "<group>"; };
		3457BF421B4EF3D600FCCAD3 /* ViewController.swift */ = {isa = PBXFileReference; lastKnownFileType = sourcecode.swift; path = ViewController.swift; sourceTree = "<group>"; };
		3457BF451B4EF3D600FCCAD3 /* Base */ = {isa = PBXFileReference; lastKnownFileType = file.storyboard; name = Base; path = Base.lproj/Main.storyboard; sourceTree = "<group>"; };
		3457BF471B4EF3D600FCCAD3 /* Images.xcassets */ = {isa = PBXFileReference; lastKnownFileType = folder.assetcatalog; path = Images.xcassets; sourceTree = "<group>"; };
		3457BF4A1B4EF3D600FCCAD3 /* Base */ = {isa = PBXFileReference; lastKnownFileType = file.xib; name = Base; path = Base.lproj/LaunchScreen.xib; sourceTree = "<group>"; };
		3457BF501B4EF3D600FCCAD3 /* vcDirectTests.xctest */ = {isa = PBXFileReference; explicitFileType = wrapper.cfbundle; includeInIndex = 0; path = vcDirectTests.xctest; sourceTree = BUILT_PRODUCTS_DIR; };
		3457BF551B4EF3D600FCCAD3 /* Info.plist */ = {isa = PBXFileReference; lastKnownFileType = text.plist.xml; path = Info.plist; sourceTree = "<group>"; };
		3457BF561B4EF3D600FCCAD3 /* vcDirectTests.swift */ = {isa = PBXFileReference; lastKnownFileType = sourcecode.swift; path = vcDirectTests.swift; sourceTree = "<group>"; };
		3457BF601B4EF59200FCCAD3 /* SecondVC.swift */ = {isa = PBXFileReference; fileEncoding = 4; lastKnownFileType = sourcecode.swift; name = SecondVC.swift; path = ../SecondVC.swift; sourceTree = "<group>"; };
		3457BF611B4EF59200FCCAD3 /* SecondVC.xib */ = {isa = PBXFileReference; fileEncoding = 4; lastKnownFileType = file.xib; name = SecondVC.xib; path = ../SecondVC.xib; sourceTree = "<group>"; };
		3457BF641B4EF6F500FCCAD3 /* ThirdVC.swift */ = {isa = PBXFileReference; fileEncoding = 4; lastKnownFileType = sourcecode.swift; name = ThirdVC.swift; path = ../ThirdVC.swift; sourceTree = "<group>"; };
		3457BF651B4EF6F500FCCAD3 /* ThirdVC.xib */ = {isa = PBXFileReference; fileEncoding = 4; lastKnownFileType = file.xib; name = ThirdVC.xib; path = ../ThirdVC.xib; sourceTree = "<group>"; };
		3457BF681B4F02A600FCCAD3 /* rebelVC.swift */ = {isa = PBXFileReference; fileEncoding = 4; lastKnownFileType = sourcecode.swift; path = rebelVC.swift; sourceTree = "<group>"; };
/* End PBXFileReference section */

/* Begin PBXFrameworksBuildPhase section */
		3457BF381B4EF3D600FCCAD3 /* Frameworks */ = {
			isa = PBXFrameworksBuildPhase;
			buildActionMask = 2147483647;
			files = (
			);
			runOnlyForDeploymentPostprocessing = 0;
		};
		3457BF4D1B4EF3D600FCCAD3 /* Frameworks */ = {
			isa = PBXFrameworksBuildPhase;
			buildActionMask = 2147483647;
			files = (
			);
			runOnlyForDeploymentPostprocessing = 0;
		};
/* End PBXFrameworksBuildPhase section */

/* Begin PBXGroup section */
		3457BF321B4EF3D600FCCAD3 = {
			isa = PBXGroup;
			children = (
				3457BF681B4F02A600FCCAD3 /* rebelVC.swift */,
				3457BF3D1B4EF3D600FCCAD3 /* vcDirect */,
				3457BF531B4EF3D600FCCAD3 /* vcDirectTests */,
				3457BF3C1B4EF3D600FCCAD3 /* Products */,
			);
			sourceTree = "<group>";
		};
		3457BF3C1B4EF3D600FCCAD3 /* Products */ = {
			isa = PBXGroup;
			children = (
				3457BF3B1B4EF3D600FCCAD3 /* vcDirect.app */,
				3457BF501B4EF3D600FCCAD3 /* vcDirectTests.xctest */,
			);
			name = Products;
			sourceTree = "<group>";
		};
		3457BF3D1B4EF3D600FCCAD3 /* vcDirect */ = {
			isa = PBXGroup;
			children = (
				3457BF401B4EF3D600FCCAD3 /* AppDelegate.swift */,
				3457BF421B4EF3D600FCCAD3 /* ViewController.swift */,
				3457BF601B4EF59200FCCAD3 /* SecondVC.swift */,
				3457BF641B4EF6F500FCCAD3 /* ThirdVC.swift */,
				3457BF441B4EF3D600FCCAD3 /* Main.storyboard */,
				3457BF611B4EF59200FCCAD3 /* SecondVC.xib */,
				3457BF651B4EF6F500FCCAD3 /* ThirdVC.xib */,
				3457BF471B4EF3D600FCCAD3 /* Images.xcassets */,
				3457BF491B4EF3D600FCCAD3 /* LaunchScreen.xib */,
				3457BF3E1B4EF3D600FCCAD3 /* Supporting Files */,
			);
			path = vcDirect;
			sourceTree = "<group>";
		};
		3457BF3E1B4EF3D600FCCAD3 /* Supporting Files */ = {
			isa = PBXGroup;
			children = (
				3457BF3F1B4EF3D600FCCAD3 /* Info.plist */,
			);
			name = "Supporting Files";
			sourceTree = "<group>";
		};
		3457BF531B4EF3D600FCCAD3 /* vcDirectTests */ = {
			isa = PBXGroup;
			children = (
				3457BF561B4EF3D600FCCAD3 /* vcDirectTests.swift */,
				3457BF541B4EF3D600FCCAD3 /* Supporting Files */,
			);
			path = vcDirectTests;
			sourceTree = "<group>";
		};
		3457BF541B4EF3D600FCCAD3 /* Supporting Files */ = {
			isa = PBXGroup;
			children = (
				3457BF551B4EF3D600FCCAD3 /* Info.plist */,
			);
			name = "Supporting Files";
			sourceTree = "<group>";
		};
/* End PBXGroup section */

/* Begin PBXNativeTarget section */
		3457BF3A1B4EF3D600FCCAD3 /* vcDirect */ = {
			isa = PBXNativeTarget;
			buildConfigurationList = 3457BF5A1B4EF3D600FCCAD3 /* Build configuration list for PBXNativeTarget "vcDirect" */;
			buildPhases = (
				3457BF371B4EF3D600FCCAD3 /* Sources */,
				3457BF381B4EF3D600FCCAD3 /* Frameworks */,
				3457BF391B4EF3D600FCCAD3 /* Resources */,
			);
			buildRules = (
			);
			dependencies = (
			);
			name = vcDirect;
			productName = vcDirect;
			productReference = 3457BF3B1B4EF3D600FCCAD3 /* vcDirect.app */;
			productType = "com.apple.product-type.application";
		};
		3457BF4F1B4EF3D600FCCAD3 /* vcDirectTests */ = {
			isa = PBXNativeTarget;
			buildConfigurationList = 3457BF5D1B4EF3D600FCCAD3 /* Build configuration list for PBXNativeTarget "vcDirectTests" */;
			buildPhases = (
				3457BF4C1B4EF3D600FCCAD3 /* Sources */,
				3457BF4D1B4EF3D600FCCAD3 /* Frameworks */,
				3457BF4E1B4EF3D600FCCAD3 /* Resources */,
			);
			buildRules = (
			);
			dependencies = (
				3457BF521B4EF3D600FCCAD3 /* PBXTargetDependency */,
			);
			name = vcDirectTests;
			productName = vcDirectTests;
			productReference = 3457BF501B4EF3D600FCCAD3 /* vcDirectTests.xctest */;
			productType = "com.apple.product-type.bundle.unit-test";
		};
/* End PBXNativeTarget section */

/* Begin PBXProject section */
		3457BF331B4EF3D600FCCAD3 /* Project object */ = {
			isa = PBXProject;
			attributes = {
				LastUpgradeCheck = 0640;
				ORGANIZATIONNAME = Al;
				TargetAttributes = {
					3457BF3A1B4EF3D600FCCAD3 = {
						CreatedOnToolsVersion = 6.4;
					};
					3457BF4F1B4EF3D600FCCAD3 = {
						CreatedOnToolsVersion = 6.4;
						TestTargetID = 3457BF3A1B4EF3D600FCCAD3;
					};
				};
			};
			buildConfigurationList = 3457BF361B4EF3D600FCCAD3 /* Build configuration list for PBXProject "vcDirect" */;
			compatibilityVersion = "Xcode 6.3";
			developmentRegion = English;
			hasScannedForEncodings = 0;
			knownRegions = (
				en,
				Base,
			);
			mainGroup = 3457BF321B4EF3D600FCCAD3;
			productRefGroup = 3457BF3C1B4EF3D600FCCAD3 /* Products */;
			projectDirPath = "";
			projectRoot = "";
			targets = (
				3457BF3A1B4EF3D600FCCAD3 /* vcDirect */,
				3457BF4F1B4EF3D600FCCAD3 /* vcDirectTests */,
			);
		};
/* End PBXProject section */

/* Begin PBXResourcesBuildPhase section */
		3457BF391B4EF3D600FCCAD3 /* Resources */ = {
			isa = PBXResourcesBuildPhase;
			buildActionMask = 2147483647;
			files = (
				3457BF461B4EF3D600FCCAD3 /* Main.storyboard in Resources */,
				3457BF4B1B4EF3D600FCCAD3 /* LaunchScreen.xib in Resources */,
				3457BF631B4EF59200FCCAD3 /* SecondVC.xib in Resources */,
				3457BF481B4EF3D600FCCAD3 /* Images.xcassets in Resources */,
				3457BF671B4EF6F500FCCAD3 /* ThirdVC.xib in Resources */,
			);
			runOnlyForDeploymentPostprocessing = 0;
		};
		3457BF4E1B4EF3D600FCCAD3 /* Resources */ = {
			isa = PBXResourcesBuildPhase;
			buildActionMask = 2147483647;
			files = (
			);
			runOnlyForDeploymentPostprocessing = 0;
		};
/* End PBXResourcesBuildPhase section */

/* Begin PBXSourcesBuildPhase section */
		3457BF371B4EF3D600FCCAD3 /* Sources */ = {
			isa = PBXSourcesBuildPhase;
			buildActionMask = 2147483647;
			files = (
				3457BF661B4EF6F500FCCAD3 /* ThirdVC.swift in Sources */,
				3457BF431B4EF3D600FCCAD3 /* ViewController.swift in Sources */,
				3457BF621B4EF59200FCCAD3 /* SecondVC.swift in Sources */,
				3457BF691B4F02A600FCCAD3 /* rebelVC.swift in Sources */,
				3457BF411B4EF3D600FCCAD3 /* AppDelegate.swift in Sources */,
			);
			runOnlyForDeploymentPostprocessing = 0;
		};
		3457BF4C1B4EF3D600FCCAD3 /* Sources */ = {
			isa = PBXSourcesBuildPhase;
			buildActionMask = 2147483647;
			files = (
				3457BF571B4EF3D600FCCAD3 /* vcDirectTests.swift in Sources */,
			);
			runOnlyForDeploymentPostprocessing = 0;
		};
/* End PBXSourcesBuildPhase section */

/* Begin PBXTargetDependency section */
		3457BF521B4EF3D600FCCAD3 /* PBXTargetDependency */ = {
			isa = PBXTargetDependency;
			target = 3457BF3A1B4EF3D600FCCAD3 /* vcDirect */;
			targetProxy = 3457BF511B4EF3D600FCCAD3 /* PBXContainerItemProxy */;
		};
/* End PBXTargetDependency section */

/* Begin PBXVariantGroup section */
		3457BF441B4EF3D600FCCAD3 /* Main.storyboard */ = {
			isa = PBXVariantGroup;
			children = (
				3457BF451B4EF3D600FCCAD3 /* Base */,
			);
			name = Main.storyboard;
			sourceTree = "<group>";
		};
		3457BF491B4EF3D600FCCAD3 /* LaunchScreen.xib */ = {
			isa = PBXVariantGroup;
			children = (
				3457BF4A1B4EF3D600FCCAD3 /* Base */,
			);
			name = LaunchScreen.xib;
			sourceTree = "<group>";
		};
/* End PBXVariantGroup section */

/* Begin XCBuildConfiguration section */
		3457BF581B4EF3D600FCCAD3 /* Debug */ = {
			isa = XCBuildConfiguration;
			buildSettings = {
				ALWAYS_SEARCH_USER_PATHS = NO;
				CLANG_CXX_LANGUAGE_STANDARD = "gnu++0x";
				CLANG_CXX_LIBRARY = "libc++";
				CLANG_ENABLE_MODULES = YES;
				CLANG_ENABLE_OBJC_ARC = YES;
				CLANG_WARN_BOOL_CONVERSION = YES;
				CLANG_WARN_CONSTANT_CONVERSION = YES;
				CLANG_WARN_DIRECT_OBJC_ISA_USAGE = YES_ERROR;
				CLANG_WARN_EMPTY_BODY = YES;
				CLANG_WARN_ENUM_CONVERSION = YES;
				CLANG_WARN_INT_CONVERSION = YES;
				CLANG_WARN_OBJC_ROOT_CLASS = YES_ERROR;
				CLANG_WARN_UNREACHABLE_CODE = YES;
				CLANG_WARN__DUPLICATE_METHOD_MATCH = YES;
				"CODE_SIGN_IDENTITY[sdk=iphoneos*]" = "iPhone Developer";
				COPY_PHASE_STRIP = NO;
				DEBUG_INFORMATION_FORMAT = "dwarf-with-dsym";
				ENABLE_STRICT_OBJC_MSGSEND = YES;
				GCC_C_LANGUAGE_STANDARD = gnu99;
				GCC_DYNAMIC_NO_PIC = NO;
				GCC_NO_COMMON_BLOCKS = YES;
				GCC_OPTIMIZATION_LEVEL = 0;
				GCC_PREPROCESSOR_DEFINITIONS = (
					"DEBUG=1",
					"$(inherited)",
				);
				GCC_SYMBOLS_PRIVATE_EXTERN = NO;
				GCC_WARN_64_TO_32_BIT_CONVERSION = YES;
				GCC_WARN_ABOUT_RETURN_TYPE = YES_ERROR;
				GCC_WARN_UNDECLARED_SELECTOR = YES;
				GCC_WARN_UNINITIALIZED_AUTOS = YES_AGGRESSIVE;
				GCC_WARN_UNUSED_FUNCTION = YES;
				GCC_WARN_UNUSED_VARIABLE = YES;
				IPHONEOS_DEPLOYMENT_TARGET = 8.4;
				MTL_ENABLE_DEBUG_INFO = YES;
				ONLY_ACTIVE_ARCH = YES;
				SDKROOT = iphoneos;
				SWIFT_OPTIMIZATION_LEVEL = "-Onone";
			};
			name = Debug;
		};
		3457BF591B4EF3D600FCCAD3 /* Release */ = {
			isa = XCBuildConfiguration;
			buildSettings = {
				ALWAYS_SEARCH_USER_PATHS = NO;
				CLANG_CXX_LANGUAGE_STANDARD = "gnu++0x";
				CLANG_CXX_LIBRARY = "libc++";
				CLANG_ENABLE_MODULES = YES;
				CLANG_ENABLE_OBJC_ARC = YES;
				CLANG_WARN_BOOL_CONVERSION = YES;
				CLANG_WARN_CONSTANT_CONVERSION = YES;
				CLANG_WARN_DIRECT_OBJC_ISA_USAGE = YES_ERROR;
				CLANG_WARN_EMPTY_BODY = YES;
				CLANG_WARN_ENUM_CONVERSION = YES;
				CLANG_WARN_INT_CONVERSION = YES;
				CLANG_WARN_OBJC_ROOT_CLASS = YES_ERROR;
				CLANG_WARN_UNREACHABLE_CODE = YES;
				CLANG_WARN__DUPLICATE_METHOD_MATCH = YES;
				"CODE_SIGN_IDENTITY[sdk=iphoneos*]" = "iPhone Developer";
				COPY_PHASE_STRIP = NO;
				DEBUG_INFORMATION_FORMAT = "dwarf-with-dsym";
				ENABLE_NS_ASSERTIONS = NO;
				ENABLE_STRICT_OBJC_MSGSEND = YES;
				GCC_C_LANGUAGE_STANDARD = gnu99;
				GCC_NO_COMMON_BLOCKS = YES;
				GCC_WARN_64_TO_32_BIT_CONVERSION = YES;
				GCC_WARN_ABOUT_RETURN_TYPE = YES_ERROR;
				GCC_WARN_UNDECLARED_SELECTOR = YES;
				GCC_WARN_UNINITIALIZED_AUTOS = YES_AGGRESSIVE;
				GCC_WARN_UNUSED_FUNCTION = YES;
				GCC_WARN_UNUSED_VARIABLE = YES;
				IPHONEOS_DEPLOYMENT_TARGET = 8.4;
				MTL_ENABLE_DEBUG_INFO = NO;
				SDKROOT = iphoneos;
				VALIDATE_PRODUCT = YES;
			};
			name = Release;
		};
		3457BF5B1B4EF3D600FCCAD3 /* Debug */ = {
			isa = XCBuildConfiguration;
			buildSettings = {
				ASSETCATALOG_COMPILER_APPICON_NAME = AppIcon;
				INFOPLIST_FILE = vcDirect/Info.plist;
				LD_RUNPATH_SEARCH_PATHS = "$(inherited) @executable_path/Frameworks";
				PRODUCT_NAME = "$(TARGET_NAME)";
			};
			name = Debug;
		};
		3457BF5C1B4EF3D600FCCAD3 /* Release */ = {
			isa = XCBuildConfiguration;
			buildSettings = {
				ASSETCATALOG_COMPILER_APPICON_NAME = AppIcon;
				INFOPLIST_FILE = vcDirect/Info.plist;
				LD_RUNPATH_SEARCH_PATHS = "$(inherited) @executable_path/Frameworks";
				PRODUCT_NAME = "$(TARGET_NAME)";
			};
			name = Release;
		};
		3457BF5E1B4EF3D600FCCAD3 /* Debug */ = {
			isa = XCBuildConfiguration;
			buildSettings = {
				BUNDLE_LOADER = "$(TEST_HOST)";
				FRAMEWORK_SEARCH_PATHS = (
					"$(SDKROOT)/Developer/Library/Frameworks",
					"$(inherited)",
				);
				GCC_PREPROCESSOR_DEFINITIONS = (
					"DEBUG=1",
					"$(inherited)",
				);
				INFOPLIST_FILE = vcDirectTests/Info.plist;
				LD_RUNPATH_SEARCH_PATHS = "$(inherited) @executable_path/Frameworks @loader_path/Frameworks";
				PRODUCT_NAME = "$(TARGET_NAME)";
				TEST_HOST = "$(BUILT_PRODUCTS_DIR)/vcDirect.app/vcDirect";
			};
			name = Debug;
		};
		3457BF5F1B4EF3D600FCCAD3 /* Release */ = {
			isa = XCBuildConfiguration;
			buildSettings = {
				BUNDLE_LOADER = "$(TEST_HOST)";
				FRAMEWORK_SEARCH_PATHS = (
					"$(SDKROOT)/Developer/Library/Frameworks",
					"$(inherited)",
				);
				INFOPLIST_FILE = vcDirectTests/Info.plist;
				LD_RUNPATH_SEARCH_PATHS = "$(inherited) @executable_path/Frameworks @loader_path/Frameworks";
				PRODUCT_NAME = "$(TARGET_NAME)";
				TEST_HOST = "$(BUILT_PRODUCTS_DIR)/vcDirect.app/vcDirect";
			};
			name = Release;
		};
/* End XCBuildConfiguration section */

/* Begin XCConfigurationList section */
		3457BF361B4EF3D600FCCAD3 /* Build configuration list for PBXProject "vcDirect" */ = {
			isa = XCConfigurationList;
			buildConfigurations = (
				3457BF581B4EF3D600FCCAD3 /* Debug */,
				3457BF591B4EF3D600FCCAD3 /* Release */,
			);
			defaultConfigurationIsVisible = 0;
			defaultConfigurationName = Release;
		};
		3457BF5A1B4EF3D600FCCAD3 /* Build configuration list for PBXNativeTarget "vcDirect" */ = {
			isa = XCConfigurationList;
			buildConfigurations = (
				3457BF5B1B4EF3D600FCCAD3 /* Debug */,
				3457BF5C1B4EF3D600FCCAD3 /* Release */,
			);
			defaultConfigurationIsVisible = 0;
		};
		3457BF5D1B4EF3D600FCCAD3 /* Build configuration list for PBXNativeTarget "vcDirectTests" */ = {
			isa = XCConfigurationList;
			buildConfigurations = (
				3457BF5E1B4EF3D600FCCAD3 /* Debug */,
				3457BF5F1B4EF3D600FCCAD3 /* Release */,
			);
			defaultConfigurationIsVisible = 0;
		};
/* End XCConfigurationList section */
	};
	rootObject = 3457BF331B4EF3D600FCCAD3 /* Project object */;
}
