// !$*UTF8*$!
{
	archiveVersion = 1;
	classes = {
	};
	objectVersion = 46;
	objects = {

/* Begin PBXBuildFile section */
		3457BF791B4F691600FCCAD3 /* AppDelegate.swift in Sources */ = {isa = PBXBuildFile; fileRef = 3457BF781B4F691600FCCAD3 /* AppDelegate.swift */; };
		3457BF7B1B4F691600FCCAD3 /* ViewController.swift in Sources */ = {isa = PBXBuildFile; fileRef = 3457BF7A1B4F691600FCCAD3 /* ViewController.swift */; };
		3457BF7E1B4F691600FCCAD3 /* Main.storyboard in Resources */ = {isa = PBXBuildFile; fileRef = 3457BF7C1B4F691600FCCAD3 /* Main.storyboard */; };
		3457BF801B4F691600FCCAD3 /* Images.xcassets in Resources */ = {isa = PBXBuildFile; fileRef = 3457BF7F1B4F691600FCCAD3 /* Images.xcassets */; };
		3457BF831B4F691600FCCAD3 /* LaunchScreen.xib in Resources */ = {isa = PBXBuildFile; fileRef = 3457BF811B4F691600FCCAD3 /* LaunchScreen.xib */; };
		3457BF8F1B4F691600FCCAD3 /* nav2viewsTests.swift in Sources */ = {isa = PBXBuildFile; fileRef = 3457BF8E1B4F691600FCCAD3 /* nav2viewsTests.swift */; };
/* End PBXBuildFile section */

/* Begin PBXContainerItemProxy section */
		3457BF891B4F691600FCCAD3 /* PBXContainerItemProxy */ = {
			isa = PBXContainerItemProxy;
			containerPortal = 3457BF6B1B4F691600FCCAD3 /* Project object */;
			proxyType = 1;
			remoteGlobalIDString = 3457BF721B4F691600FCCAD3;
			remoteInfo = nav2views;
		};
/* End PBXContainerItemProxy section */

/* Begin PBXFileReference section */
		3457BF731B4F691600FCCAD3 /* nav2views.app */ = {isa = PBXFileReference; explicitFileType = wrapper.application; includeInIndex = 0; path = nav2views.app; sourceTree = BUILT_PRODUCTS_DIR; };
		3457BF771B4F691600FCCAD3 /* Info.plist */ = {isa = PBXFileReference; lastKnownFileType = text.plist.xml; path = Info.plist; sourceTree = "<group>"; };
		3457BF781B4F691600FCCAD3 /* AppDelegate.swift */ = {isa = PBXFileReference; lastKnownFileType = sourcecode.swift; path = AppDelegate.swift; sourceTree = "<group>"; };
		3457BF7A1B4F691600FCCAD3 /* ViewController.swift */ = {isa = PBXFileReference; lastKnownFileType = sourcecode.swift; path = ViewController.swift; sourceTree = "<group>"; };
		3457BF7D1B4F691600FCCAD3 /* Base */ = {isa = PBXFileReference; lastKnownFileType = file.storyboard; name = Base; path = Base.lproj/Main.storyboard; sourceTree = "<group>"; };
		3457BF7F1B4F691600FCCAD3 /* Images.xcassets */ = {isa = PBXFileReference; lastKnownFileType = folder.assetcatalog; path = Images.xcassets; sourceTree = "<group>"; };
		3457BF821B4F691600FCCAD3 /* Base */ = {isa = PBXFileReference; lastKnownFileType = file.xib; name = Base; path = Base.lproj/LaunchScreen.xib; sourceTree = "<group>"; };
		3457BF881B4F691600FCCAD3 /* nav2viewsTests.xctest */ = {isa = PBXFileReference; explicitFileType = wrapper.cfbundle; includeInIndex = 0; path = nav2viewsTests.xctest; sourceTree = BUILT_PRODUCTS_DIR; };
		3457BF8D1B4F691600FCCAD3 /* Info.plist */ = {isa = PBXFileReference; lastKnownFileType = text.plist.xml; path = Info.plist; sourceTree = "<group>"; };
		3457BF8E1B4F691600FCCAD3 /* nav2viewsTests.swift */ = {isa = PBXFileReference; lastKnownFileType = sourcecode.swift; path = nav2viewsTests.swift; sourceTree = "<group>"; };
/* End PBXFileReference section */

/* Begin PBXFrameworksBuildPhase section */
		3457BF701B4F691600FCCAD3 /* Frameworks */ = {
			isa = PBXFrameworksBuildPhase;
			buildActionMask = 2147483647;
			files = (
			);
			runOnlyForDeploymentPostprocessing = 0;
		};
		3457BF851B4F691600FCCAD3 /* Frameworks */ = {
			isa = PBXFrameworksBuildPhase;
			buildActionMask = 2147483647;
			files = (
			);
			runOnlyForDeploymentPostprocessing = 0;
		};
/* End PBXFrameworksBuildPhase section */

/* Begin PBXGroup section */
		3457BF6A1B4F691600FCCAD3 = {
			isa = PBXGroup;
			children = (
				3457BF751B4F691600FCCAD3 /* nav2views */,
				3457BF8B1B4F691600FCCAD3 /* nav2viewsTests */,
				3457BF741B4F691600FCCAD3 /* Products */,
			);
			sourceTree = "<group>";
		};
		3457BF741B4F691600FCCAD3 /* Products */ = {
			isa = PBXGroup;
			children = (
				3457BF731B4F691600FCCAD3 /* nav2views.app */,
				3457BF881B4F691600FCCAD3 /* nav2viewsTests.xctest */,
			);
			name = Products;
			sourceTree = "<group>";
		};
		3457BF751B4F691600FCCAD3 /* nav2views */ = {
			isa = PBXGroup;
			children = (
				3457BF781B4F691600FCCAD3 /* AppDelegate.swift */,
				3457BF7A1B4F691600FCCAD3 /* ViewController.swift */,
				3457BF7C1B4F691600FCCAD3 /* Main.storyboard */,
				3457BF7F1B4F691600FCCAD3 /* Images.xcassets */,
				3457BF811B4F691600FCCAD3 /* LaunchScreen.xib */,
				3457BF761B4F691600FCCAD3 /* Supporting Files */,
			);
			path = nav2views;
			sourceTree = "<group>";
		};
		3457BF761B4F691600FCCAD3 /* Supporting Files */ = {
			isa = PBXGroup;
			children = (
				3457BF771B4F691600FCCAD3 /* Info.plist */,
			);
			name = "Supporting Files";
			sourceTree = "<group>";
		};
		3457BF8B1B4F691600FCCAD3 /* nav2viewsTests */ = {
			isa = PBXGroup;
			children = (
				3457BF8E1B4F691600FCCAD3 /* nav2viewsTests.swift */,
				3457BF8C1B4F691600FCCAD3 /* Supporting Files */,
			);
			path = nav2viewsTests;
			sourceTree = "<group>";
		};
		3457BF8C1B4F691600FCCAD3 /* Supporting Files */ = {
			isa = PBXGroup;
			children = (
				3457BF8D1B4F691600FCCAD3 /* Info.plist */,
			);
			name = "Supporting Files";
			sourceTree = "<group>";
		};
/* End PBXGroup section */

/* Begin PBXNativeTarget section */
		3457BF721B4F691600FCCAD3 /* nav2views */ = {
			isa = PBXNativeTarget;
			buildConfigurationList = 3457BF921B4F691600FCCAD3 /* Build configuration list for PBXNativeTarget "nav2views" */;
			buildPhases = (
				3457BF6F1B4F691600FCCAD3 /* Sources */,
				3457BF701B4F691600FCCAD3 /* Frameworks */,
				3457BF711B4F691600FCCAD3 /* Resources */,
			);
			buildRules = (
			);
			dependencies = (
			);
			name = nav2views;
			productName = nav2views;
			productReference = 3457BF731B4F691600FCCAD3 /* nav2views.app */;
			productType = "com.apple.product-type.application";
		};
		3457BF871B4F691600FCCAD3 /* nav2viewsTests */ = {
			isa = PBXNativeTarget;
			buildConfigurationList = 3457BF951B4F691600FCCAD3 /* Build configuration list for PBXNativeTarget "nav2viewsTests" */;
			buildPhases = (
				3457BF841B4F691600FCCAD3 /* Sources */,
				3457BF851B4F691600FCCAD3 /* Frameworks */,
				3457BF861B4F691600FCCAD3 /* Resources */,
			);
			buildRules = (
			);
			dependencies = (
				3457BF8A1B4F691600FCCAD3 /* PBXTargetDependency */,
			);
			name = nav2viewsTests;
			productName = nav2viewsTests;
			productReference = 3457BF881B4F691600FCCAD3 /* nav2viewsTests.xctest */;
			productType = "com.apple.product-type.bundle.unit-test";
		};
/* End PBXNativeTarget section */

/* Begin PBXProject section */
		3457BF6B1B4F691600FCCAD3 /* Project object */ = {
			isa = PBXProject;
			attributes = {
				LastUpgradeCheck = 0640;
				ORGANIZATIONNAME = Al;
				TargetAttributes = {
					3457BF721B4F691600FCCAD3 = {
						CreatedOnToolsVersion = 6.4;
					};
					3457BF871B4F691600FCCAD3 = {
						CreatedOnToolsVersion = 6.4;
						TestTargetID = 3457BF721B4F691600FCCAD3;
					};
				};
			};
			buildConfigurationList = 3457BF6E1B4F691600FCCAD3 /* Build configuration list for PBXProject "nav2views" */;
			compatibilityVersion = "Xcode 3.2";
			developmentRegion = English;
			hasScannedForEncodings = 0;
			knownRegions = (
				en,
				Base,
			);
			mainGroup = 3457BF6A1B4F691600FCCAD3;
			productRefGroup = 3457BF741B4F691600FCCAD3 /* Products */;
			projectDirPath = "";
			projectRoot = "";
			targets = (
				3457BF721B4F691600FCCAD3 /* nav2views */,
				3457BF871B4F691600FCCAD3 /* nav2viewsTests */,
			);
		};
/* End PBXProject section */

/* Begin PBXResourcesBuildPhase section */
		3457BF711B4F691600FCCAD3 /* Resources */ = {
			isa = PBXResourcesBuildPhase;
			buildActionMask = 2147483647;
			files = (
				3457BF7E1B4F691600FCCAD3 /* Main.storyboard in Resources */,
				3457BF831B4F691600FCCAD3 /* LaunchScreen.xib in Resources */,
				3457BF801B4F691600FCCAD3 /* Images.xcassets in Resources */,
			);
			runOnlyForDeploymentPostprocessing = 0;
		};
		3457BF861B4F691600FCCAD3 /* Resources */ = {
			isa = PBXResourcesBuildPhase;
			buildActionMask = 2147483647;
			files = (
			);
			runOnlyForDeploymentPostprocessing = 0;
		};
/* End PBXResourcesBuildPhase section */

/* Begin PBXSourcesBuildPhase section */
		3457BF6F1B4F691600FCCAD3 /* Sources */ = {
			isa = PBXSourcesBuildPhase;
			buildActionMask = 2147483647;
			files = (
				3457BF7B1B4F691600FCCAD3 /* ViewController.swift in Sources */,
				3457BF791B4F691600FCCAD3 /* AppDelegate.swift in Sources */,
			);
			runOnlyForDeploymentPostprocessing = 0;
		};
		3457BF841B4F691600FCCAD3 /* Sources */ = {
			isa = PBXSourcesBuildPhase;
			buildActionMask = 2147483647;
			files = (
				3457BF8F1B4F691600FCCAD3 /* nav2viewsTests.swift in Sources */,
			);
			runOnlyForDeploymentPostprocessing = 0;
		};
/* End PBXSourcesBuildPhase section */

/* Begin PBXTargetDependency section */
		3457BF8A1B4F691600FCCAD3 /* PBXTargetDependency */ = {
			isa = PBXTargetDependency;
			target = 3457BF721B4F691600FCCAD3 /* nav2views */;
			targetProxy = 3457BF891B4F691600FCCAD3 /* PBXContainerItemProxy */;
		};
/* End PBXTargetDependency section */

/* Begin PBXVariantGroup section */
		3457BF7C1B4F691600FCCAD3 /* Main.storyboard */ = {
			isa = PBXVariantGroup;
			children = (
				3457BF7D1B4F691600FCCAD3 /* Base */,
			);
			name = Main.storyboard;
			sourceTree = "<group>";
		};
		3457BF811B4F691600FCCAD3 /* LaunchScreen.xib */ = {
			isa = PBXVariantGroup;
			children = (
				3457BF821B4F691600FCCAD3 /* Base */,
			);
			name = LaunchScreen.xib;
			sourceTree = "<group>";
		};
/* End PBXVariantGroup section */

/* Begin XCBuildConfiguration section */
		3457BF901B4F691600FCCAD3 /* Debug */ = {
			isa = XCBuildConfiguration;
			buildSettings = {
				ALWAYS_SEARCH_USER_PATHS = NO;
				CLANG_CXX_LANGUAGE_STANDARD = "gnu++0x";
				CLANG_CXX_LIBRARY = "libc++";
				CLANG_ENABLE_MODULES = YES;
				CLANG_ENABLE_OBJC_ARC = YES;
				CLANG_WARN_BOOL_CONVERSION = YES;
				CLANG_WARN_CONSTANT_CONVERSION = YES;
				CLANG_WARN_DIRECT_OBJC_ISA_USAGE = YES_ERROR;
				CLANG_WARN_EMPTY_BODY = YES;
				CLANG_WARN_ENUM_CONVERSION = YES;
				CLANG_WARN_INT_CONVERSION = YES;
				CLANG_WARN_OBJC_ROOT_CLASS = YES_ERROR;
				CLANG_WARN_UNREACHABLE_CODE = YES;
				CLANG_WARN__DUPLICATE_METHOD_MATCH = YES;
				"CODE_SIGN_IDENTITY[sdk=iphoneos*]" = "iPhone Developer";
				COPY_PHASE_STRIP = NO;
				DEBUG_INFORMATION_FORMAT = "dwarf-with-dsym";
				ENABLE_STRICT_OBJC_MSGSEND = YES;
				GCC_C_LANGUAGE_STANDARD = gnu99;
				GCC_DYNAMIC_NO_PIC = NO;
				GCC_NO_COMMON_BLOCKS = YES;
				GCC_OPTIMIZATION_LEVEL = 0;
				GCC_PREPROCESSOR_DEFINITIONS = (
					"DEBUG=1",
					"$(inherited)",
				);
				GCC_SYMBOLS_PRIVATE_EXTERN = NO;
				GCC_WARN_64_TO_32_BIT_CONVERSION = YES;
				GCC_WARN_ABOUT_RETURN_TYPE = YES_ERROR;
				GCC_WARN_UNDECLARED_SELECTOR = YES;
				GCC_WARN_UNINITIALIZED_AUTOS = YES_AGGRESSIVE;
				GCC_WARN_UNUSED_FUNCTION = YES;
				GCC_WARN_UNUSED_VARIABLE = YES;
				IPHONEOS_DEPLOYMENT_TARGET = 8.4;
				MTL_ENABLE_DEBUG_INFO = YES;
				ONLY_ACTIVE_ARCH = YES;
				SDKROOT = iphoneos;
				SWIFT_OPTIMIZATION_LEVEL = "-Onone";
			};
			name = Debug;
		};
		3457BF911B4F691600FCCAD3 /* Release */ = {
			isa = XCBuildConfiguration;
			buildSettings = {
				ALWAYS_SEARCH_USER_PATHS = NO;
				CLANG_CXX_LANGUAGE_STANDARD = "gnu++0x";
				CLANG_CXX_LIBRARY = "libc++";
				CLANG_ENABLE_MODULES = YES;
				CLANG_ENABLE_OBJC_ARC = YES;
				CLANG_WARN_BOOL_CONVERSION = YES;
				CLANG_WARN_CONSTANT_CONVERSION = YES;
				CLANG_WARN_DIRECT_OBJC_ISA_USAGE = YES_ERROR;
				CLANG_WARN_EMPTY_BODY = YES;
				CLANG_WARN_ENUM_CONVERSION = YES;
				CLANG_WARN_INT_CONVERSION = YES;
				CLANG_WARN_OBJC_ROOT_CLASS = YES_ERROR;
				CLANG_WARN_UNREACHABLE_CODE = YES;
				CLANG_WARN__DUPLICATE_METHOD_MATCH = YES;
				"CODE_SIGN_IDENTITY[sdk=iphoneos*]" = "iPhone Developer";
				COPY_PHASE_STRIP = NO;
				DEBUG_INFORMATION_FORMAT = "dwarf-with-dsym";
				ENABLE_NS_ASSERTIONS = NO;
				ENABLE_STRICT_OBJC_MSGSEND = YES;
				GCC_C_LANGUAGE_STANDARD = gnu99;
				GCC_NO_COMMON_BLOCKS = YES;
				GCC_WARN_64_TO_32_BIT_CONVERSION = YES;
				GCC_WARN_ABOUT_RETURN_TYPE = YES_ERROR;
				GCC_WARN_UNDECLARED_SELECTOR = YES;
				GCC_WARN_UNINITIALIZED_AUTOS = YES_AGGRESSIVE;
				GCC_WARN_UNUSED_FUNCTION = YES;
				GCC_WARN_UNUSED_VARIABLE = YES;
				IPHONEOS_DEPLOYMENT_TARGET = 8.4;
				MTL_ENABLE_DEBUG_INFO = NO;
				SDKROOT = iphoneos;
				VALIDATE_PRODUCT = YES;
			};
			name = Release;
		};
		3457BF931B4F691600FCCAD3 /* Debug */ = {
			isa = XCBuildConfiguration;
			buildSettings = {
				ASSETCATALOG_COMPILER_APPICON_NAME = AppIcon;
				INFOPLIST_FILE = nav2views/Info.plist;
				LD_RUNPATH_SEARCH_PATHS = "$(inherited) @executable_path/Frameworks";
				PRODUCT_NAME = "$(TARGET_NAME)";
			};
			name = Debug;
		};
		3457BF941B4F691600FCCAD3 /* Release */ = {
			isa = XCBuildConfiguration;
			buildSettings = {
				ASSETCATALOG_COMPILER_APPICON_NAME = AppIcon;
				INFOPLIST_FILE = nav2views/Info.plist;
				LD_RUNPATH_SEARCH_PATHS = "$(inherited) @executable_path/Frameworks";
				PRODUCT_NAME = "$(TARGET_NAME)";
			};
			name = Release;
		};
		3457BF961B4F691600FCCAD3 /* Debug */ = {
			isa = XCBuildConfiguration;
			buildSettings = {
				BUNDLE_LOADER = "$(TEST_HOST)";
				FRAMEWORK_SEARCH_PATHS = (
					"$(SDKROOT)/Developer/Library/Frameworks",
					"$(inherited)",
				);
				GCC_PREPROCESSOR_DEFINITIONS = (
					"DEBUG=1",
					"$(inherited)",
				);
				INFOPLIST_FILE = nav2viewsTests/Info.plist;
				LD_RUNPATH_SEARCH_PATHS = "$(inherited) @executable_path/Frameworks @loader_path/Frameworks";
				PRODUCT_NAME = "$(TARGET_NAME)";
				TEST_HOST = "$(BUILT_PRODUCTS_DIR)/nav2views.app/nav2views";
			};
			name = Debug;
		};
		3457BF971B4F691600FCCAD3 /* Release */ = {
			isa = XCBuildConfiguration;
			buildSettings = {
				BUNDLE_LOADER = "$(TEST_HOST)";
				FRAMEWORK_SEARCH_PATHS = (
					"$(SDKROOT)/Developer/Library/Frameworks",
					"$(inherited)",
				);
				INFOPLIST_FILE = nav2viewsTests/Info.plist;
				LD_RUNPATH_SEARCH_PATHS = "$(inherited) @executable_path/Frameworks @loader_path/Frameworks";
				PRODUCT_NAME = "$(TARGET_NAME)";
				TEST_HOST = "$(BUILT_PRODUCTS_DIR)/nav2views.app/nav2views";
			};
			name = Release;
		};
/* End XCBuildConfiguration section */

/* Begin XCConfigurationList section */
		3457BF6E1B4F691600FCCAD3 /* Build configuration list for PBXProject "nav2views" */ = {
			isa = XCConfigurationList;
			buildConfigurations = (
				3457BF901B4F691600FCCAD3 /* Debug */,
				3457BF911B4F691600FCCAD3 /* Release */,
			);
			defaultConfigurationIsVisible = 0;
			defaultConfigurationName = Release;
		};
		3457BF921B4F691600FCCAD3 /* Build configuration list for PBXNativeTarget "nav2views" */ = {
			isa = XCConfigurationList;
			buildConfigurations = (
				3457BF931B4F691600FCCAD3 /* Debug */,
				3457BF941B4F691600FCCAD3 /* Release */,
			);
			defaultConfigurationIsVisible = 0;
		};
		3457BF951B4F691600FCCAD3 /* Build configuration list for PBXNativeTarget "nav2viewsTests" */ = {
			isa = XCConfigurationList;
			buildConfigurations = (
				3457BF961B4F691600FCCAD3 /* Debug */,
				3457BF971B4F691600FCCAD3 /* Release */,
			);
			defaultConfigurationIsVisible = 0;
		};
/* End XCConfigurationList section */
	};
	rootObject = 3457BF6B1B4F691600FCCAD3 /* Project object */;
}
