// !$*UTF8*$!
{
	archiveVersion = 1;
	classes = {
	};
	objectVersion = 46;
	objects = {

/* Begin PBXBuildFile section */
		341514F11B5F002300823EC1 /* AppDelegate.swift in Sources */ = {isa = PBXBuildFile; fileRef = 341514F01B5F002300823EC1 /* AppDelegate.swift */; };
		341514F31B5F002300823EC1 /* ViewController.swift in Sources */ = {isa = PBXBuildFile; fileRef = 341514F21B5F002300823EC1 /* ViewController.swift */; };
		341514F61B5F002300823EC1 /* Main.storyboard in Resources */ = {isa = PBXBuildFile; fileRef = 341514F41B5F002300823EC1 /* Main.storyboard */; };
		341514F81B5F002300823EC1 /* Images.xcassets in Resources */ = {isa = PBXBuildFile; fileRef = 341514F71B5F002300823EC1 /* Images.xcassets */; };
		341514FB1B5F002300823EC1 /* LaunchScreen.xib in Resources */ = {isa = PBXBuildFile; fileRef = 341514F91B5F002300823EC1 /* LaunchScreen.xib */; };
		341515071B5F002300823EC1 /* myCTVCTests.swift in Sources */ = {isa = PBXBuildFile; fileRef = 341515061B5F002300823EC1 /* myCTVCTests.swift */; };
		341515131B5F069800823EC1 /* myTVCell.swift in Sources */ = {isa = PBXBuildFile; fileRef = 341515121B5F069800823EC1 /* myTVCell.swift */; };
		346F4EDE1B66C72200817369 /* Data.swift in Sources */ = {isa = PBXBuildFile; fileRef = 346F4EDD1B66C72200817369 /* Data.swift */; };
		346F4EE41B66C94000817369 /* fog.jpg in Resources */ = {isa = PBXBuildFile; fileRef = 346F4EE01B66C94000817369 /* fog.jpg */; };
		346F4EE51B66C94000817369 /* mtn.jpg in Resources */ = {isa = PBXBuildFile; fileRef = 346F4EE11B66C94000817369 /* mtn.jpg */; };
		346F4EE61B66C94000817369 /* ocean.jpg in Resources */ = {isa = PBXBuildFile; fileRef = 346F4EE21B66C94000817369 /* ocean.jpg */; };
		346F4EE81B66C9D200817369 /* cliffs.jpg in Resources */ = {isa = PBXBuildFile; fileRef = 346F4EE71B66C9D200817369 /* cliffs.jpg */; };
		346F4F1C1B6775E800817369 /* myTVCtl.swift in Sources */ = {isa = PBXBuildFile; fileRef = 346F4F1B1B6775E800817369 /* myTVCtl.swift */; };
/* End PBXBuildFile section */

/* Begin PBXContainerItemProxy section */
		341515011B5F002300823EC1 /* PBXContainerItemProxy */ = {
			isa = PBXContainerItemProxy;
			containerPortal = 341514E31B5F002300823EC1 /* Project object */;
			proxyType = 1;
			remoteGlobalIDString = 341514EA1B5F002300823EC1;
			remoteInfo = myCTVC;
		};
/* End PBXContainerItemProxy section */

/* Begin PBXFileReference section */
		341514EB1B5F002300823EC1 /* myCTVC.app */ = {isa = PBXFileReference; explicitFileType = wrapper.application; includeInIndex = 0; path = myCTVC.app; sourceTree = BUILT_PRODUCTS_DIR; };
		341514EF1B5F002300823EC1 /* Info.plist */ = {isa = PBXFileReference; lastKnownFileType = text.plist.xml; path = Info.plist; sourceTree = "<group>"; };
		341514F01B5F002300823EC1 /* AppDelegate.swift */ = {isa = PBXFileReference; lastKnownFileType = sourcecode.swift; path = AppDelegate.swift; sourceTree = "<group>"; };
		341514F21B5F002300823EC1 /* ViewController.swift */ = {isa = PBXFileReference; lastKnownFileType = sourcecode.swift; path = ViewController.swift; sourceTree = "<group>"; };
		341514F51B5F002300823EC1 /* Base */ = {isa = PBXFileReference; lastKnownFileType = file.storyboard; name = Base; path = Base.lproj/Main.storyboard; sourceTree = "<group>"; };
		341514F71B5F002300823EC1 /* Images.xcassets */ = {isa = PBXFileReference; lastKnownFileType = folder.assetcatalog; path = Images.xcassets; sourceTree = "<group>"; };
		341514FA1B5F002300823EC1 /* Base */ = {isa = PBXFileReference; lastKnownFileType = file.xib; name = Base; path = Base.lproj/LaunchScreen.xib; sourceTree = "<group>"; };
		341515001B5F002300823EC1 /* myCTVCTests.xctest */ = {isa = PBXFileReference; explicitFileType = wrapper.cfbundle; includeInIndex = 0; path = myCTVCTests.xctest; sourceTree = BUILT_PRODUCTS_DIR; };
		341515051B5F002300823EC1 /* Info.plist */ = {isa = PBXFileReference; lastKnownFileType = text.plist.xml; path = Info.plist; sourceTree = "<group>"; };
		341515061B5F002300823EC1 /* myCTVCTests.swift */ = {isa = PBXFileReference; lastKnownFileType = sourcecode.swift; path = myCTVCTests.swift; sourceTree = "<group>"; };
		341515121B5F069800823EC1 /* myTVCell.swift */ = {isa = PBXFileReference; fileEncoding = 4; lastKnownFileType = sourcecode.swift; path = myTVCell.swift; sourceTree = "<group>"; };
		346F4EDD1B66C72200817369 /* Data.swift */ = {isa = PBXFileReference; fileEncoding = 4; lastKnownFileType = sourcecode.swift; path = Data.swift; sourceTree = "<group>"; };
		346F4EE01B66C94000817369 /* fog.jpg */ = {isa = PBXFileReference; lastKnownFileType = image.jpeg; path = fog.jpg; sourceTree = "<group>"; };
		346F4EE11B66C94000817369 /* mtn.jpg */ = {isa = PBXFileReference; lastKnownFileType = image.jpeg; path = mtn.jpg; sourceTree = "<group>"; };
		346F4EE21B66C94000817369 /* ocean.jpg */ = {isa = PBXFileReference; lastKnownFileType = image.jpeg; path = ocean.jpg; sourceTree = "<group>"; };
		346F4EE71B66C9D200817369 /* cliffs.jpg */ = {isa = PBXFileReference; lastKnownFileType = image.jpeg; path = cliffs.jpg; sourceTree = "<group>"; };
		346F4F1B1B6775E800817369 /* myTVCtl.swift */ = {isa = PBXFileReference; fileEncoding = 4; lastKnownFileType = sourcecode.swift; path = myTVCtl.swift; sourceTree = "<group>"; };
/* End PBXFileReference section */

/* Begin PBXFrameworksBuildPhase section */
		341514E81B5F002300823EC1 /* Frameworks */ = {
			isa = PBXFrameworksBuildPhase;
			buildActionMask = 2147483647;
			files = (
			);
			runOnlyForDeploymentPostprocessing = 0;
		};
		341514FD1B5F002300823EC1 /* Frameworks */ = {
			isa = PBXFrameworksBuildPhase;
			buildActionMask = 2147483647;
			files = (
			);
			runOnlyForDeploymentPostprocessing = 0;
		};
/* End PBXFrameworksBuildPhase section */

/* Begin PBXGroup section */
		341514E21B5F002300823EC1 = {
			isa = PBXGroup;
			children = (
				341514ED1B5F002300823EC1 /* myCTVC */,
				341515031B5F002300823EC1 /* myCTVCTests */,
				341514EC1B5F002300823EC1 /* Products */,
			);
			sourceTree = "<group>";
		};
		341514EC1B5F002300823EC1 /* Products */ = {
			isa = PBXGroup;
			children = (
				341514EB1B5F002300823EC1 /* myCTVC.app */,
				341515001B5F002300823EC1 /* myCTVCTests.xctest */,
			);
			name = Products;
			sourceTree = "<group>";
		};
		341514ED1B5F002300823EC1 /* myCTVC */ = {
			isa = PBXGroup;
			children = (
				341514F01B5F002300823EC1 /* AppDelegate.swift */,
				346F4EDD1B66C72200817369 /* Data.swift */,
				341514F21B5F002300823EC1 /* ViewController.swift */,
				346F4F1B1B6775E800817369 /* myTVCtl.swift */,
				341515121B5F069800823EC1 /* myTVCell.swift */,
				341514F41B5F002300823EC1 /* Main.storyboard */,
				341514F71B5F002300823EC1 /* Images.xcassets */,
				341514F91B5F002300823EC1 /* LaunchScreen.xib */,
				341514EE1B5F002300823EC1 /* Supporting Files */,
				346F4EE71B66C9D200817369 /* cliffs.jpg */,
				346F4EE01B66C94000817369 /* fog.jpg */,
				346F4EE11B66C94000817369 /* mtn.jpg */,
				346F4EE21B66C94000817369 /* ocean.jpg */,
			);
			path = myCTVC;
			sourceTree = "<group>";
		};
		341514EE1B5F002300823EC1 /* Supporting Files */ = {
			isa = PBXGroup;
			children = (
				341514EF1B5F002300823EC1 /* Info.plist */,
			);
			name = "Supporting Files";
			sourceTree = "<group>";
		};
		341515031B5F002300823EC1 /* myCTVCTests */ = {
			isa = PBXGroup;
			children = (
				341515061B5F002300823EC1 /* myCTVCTests.swift */,
				341515041B5F002300823EC1 /* Supporting Files */,
			);
			path = myCTVCTests;
			sourceTree = "<group>";
		};
		341515041B5F002300823EC1 /* Supporting Files */ = {
			isa = PBXGroup;
			children = (
				341515051B5F002300823EC1 /* Info.plist */,
			);
			name = "Supporting Files";
			sourceTree = "<group>";
		};
/* End PBXGroup section */

/* Begin PBXNativeTarget section */
		341514EA1B5F002300823EC1 /* myCTVC */ = {
			isa = PBXNativeTarget;
			buildConfigurationList = 3415150A1B5F002300823EC1 /* Build configuration list for PBXNativeTarget "myCTVC" */;
			buildPhases = (
				341514E71B5F002300823EC1 /* Sources */,
				341514E81B5F002300823EC1 /* Frameworks */,
				341514E91B5F002300823EC1 /* Resources */,
			);
			buildRules = (
			);
			dependencies = (
			);
			name = myCTVC;
			productName = myCTVC;
			productReference = 341514EB1B5F002300823EC1 /* myCTVC.app */;
			productType = "com.apple.product-type.application";
		};
		341514FF1B5F002300823EC1 /* myCTVCTests */ = {
			isa = PBXNativeTarget;
			buildConfigurationList = 3415150D1B5F002300823EC1 /* Build configuration list for PBXNativeTarget "myCTVCTests" */;
			buildPhases = (
				341514FC1B5F002300823EC1 /* Sources */,
				341514FD1B5F002300823EC1 /* Frameworks */,
				341514FE1B5F002300823EC1 /* Resources */,
			);
			buildRules = (
			);
			dependencies = (
				341515021B5F002300823EC1 /* PBXTargetDependency */,
			);
			name = myCTVCTests;
			productName = myCTVCTests;
			productReference = 341515001B5F002300823EC1 /* myCTVCTests.xctest */;
			productType = "com.apple.product-type.bundle.unit-test";
		};
/* End PBXNativeTarget section */

/* Begin PBXProject section */
		341514E31B5F002300823EC1 /* Project object */ = {
			isa = PBXProject;
			attributes = {
				LastUpgradeCheck = 0640;
				ORGANIZATIONNAME = Al;
				TargetAttributes = {
					341514EA1B5F002300823EC1 = {
						CreatedOnToolsVersion = 6.4;
					};
					341514FF1B5F002300823EC1 = {
						CreatedOnToolsVersion = 6.4;
						TestTargetID = 341514EA1B5F002300823EC1;
					};
				};
			};
			buildConfigurationList = 341514E61B5F002300823EC1 /* Build configuration list for PBXProject "myCTVC" */;
			compatibilityVersion = "Xcode 3.2";
			developmentRegion = English;
			hasScannedForEncodings = 0;
			knownRegions = (
				en,
				Base,
			);
			mainGroup = 341514E21B5F002300823EC1;
			productRefGroup = 341514EC1B5F002300823EC1 /* Products */;
			projectDirPath = "";
			projectRoot = "";
			targets = (
				341514EA1B5F002300823EC1 /* myCTVC */,
				341514FF1B5F002300823EC1 /* myCTVCTests */,
			);
		};
/* End PBXProject section */

/* Begin PBXResourcesBuildPhase section */
		341514E91B5F002300823EC1 /* Resources */ = {
			isa = PBXResourcesBuildPhase;
			buildActionMask = 2147483647;
			files = (
				346F4EE81B66C9D200817369 /* cliffs.jpg in Resources */,
				346F4EE61B66C94000817369 /* ocean.jpg in Resources */,
				341514F61B5F002300823EC1 /* Main.storyboard in Resources */,
				341514FB1B5F002300823EC1 /* LaunchScreen.xib in Resources */,
				346F4EE51B66C94000817369 /* mtn.jpg in Resources */,
				346F4EE41B66C94000817369 /* fog.jpg in Resources */,
				341514F81B5F002300823EC1 /* Images.xcassets in Resources */,
			);
			runOnlyForDeploymentPostprocessing = 0;
		};
		341514FE1B5F002300823EC1 /* Resources */ = {
			isa = PBXResourcesBuildPhase;
			buildActionMask = 2147483647;
			files = (
			);
			runOnlyForDeploymentPostprocessing = 0;
		};
/* End PBXResourcesBuildPhase section */

/* Begin PBXSourcesBuildPhase section */
		341514E71B5F002300823EC1 /* Sources */ = {
			isa = PBXSourcesBuildPhase;
			buildActionMask = 2147483647;
			files = (
				341514F31B5F002300823EC1 /* ViewController.swift in Sources */,
				346F4F1C1B6775E800817369 /* myTVCtl.swift in Sources */,
				346F4EDE1B66C72200817369 /* Data.swift in Sources */,
				341515131B5F069800823EC1 /* myTVCell.swift in Sources */,
				341514F11B5F002300823EC1 /* AppDelegate.swift in Sources */,
			);
			runOnlyForDeploymentPostprocessing = 0;
		};
		341514FC1B5F002300823EC1 /* Sources */ = {
			isa = PBXSourcesBuildPhase;
			buildActionMask = 2147483647;
			files = (
				341515071B5F002300823EC1 /* myCTVCTests.swift in Sources */,
			);
			runOnlyForDeploymentPostprocessing = 0;
		};
/* End PBXSourcesBuildPhase section */

/* Begin PBXTargetDependency section */
		341515021B5F002300823EC1 /* PBXTargetDependency */ = {
			isa = PBXTargetDependency;
			target = 341514EA1B5F002300823EC1 /* myCTVC */;
			targetProxy = 341515011B5F002300823EC1 /* PBXContainerItemProxy */;
		};
/* End PBXTargetDependency section */

/* Begin PBXVariantGroup section */
		341514F41B5F002300823EC1 /* Main.storyboard */ = {
			isa = PBXVariantGroup;
			children = (
				341514F51B5F002300823EC1 /* Base */,
			);
			name = Main.storyboard;
			sourceTree = "<group>";
		};
		341514F91B5F002300823EC1 /* LaunchScreen.xib */ = {
			isa = PBXVariantGroup;
			children = (
				341514FA1B5F002300823EC1 /* Base */,
			);
			name = LaunchScreen.xib;
			sourceTree = "<group>";
		};
/* End PBXVariantGroup section */

/* Begin XCBuildConfiguration section */
		341515081B5F002300823EC1 /* Debug */ = {
			isa = XCBuildConfiguration;
			buildSettings = {
				ALWAYS_SEARCH_USER_PATHS = NO;
				CLANG_CXX_LANGUAGE_STANDARD = "gnu++0x";
				CLANG_CXX_LIBRARY = "libc++";
				CLANG_ENABLE_MODULES = YES;
				CLANG_ENABLE_OBJC_ARC = YES;
				CLANG_WARN_BOOL_CONVERSION = YES;
				CLANG_WARN_CONSTANT_CONVERSION = YES;
				CLANG_WARN_DIRECT_OBJC_ISA_USAGE = YES_ERROR;
				CLANG_WARN_EMPTY_BODY = YES;
				CLANG_WARN_ENUM_CONVERSION = YES;
				CLANG_WARN_INT_CONVERSION = YES;
				CLANG_WARN_OBJC_ROOT_CLASS = YES_ERROR;
				CLANG_WARN_UNREACHABLE_CODE = YES;
				CLANG_WARN__DUPLICATE_METHOD_MATCH = YES;
				"CODE_SIGN_IDENTITY[sdk=iphoneos*]" = "iPhone Developer";
				COPY_PHASE_STRIP = NO;
				DEBUG_INFORMATION_FORMAT = "dwarf-with-dsym";
				ENABLE_STRICT_OBJC_MSGSEND = YES;
				GCC_C_LANGUAGE_STANDARD = gnu99;
				GCC_DYNAMIC_NO_PIC = NO;
				GCC_NO_COMMON_BLOCKS = YES;
				GCC_OPTIMIZATION_LEVEL = 0;
				GCC_PREPROCESSOR_DEFINITIONS = (
					"DEBUG=1",
					"$(inherited)",
				);
				GCC_SYMBOLS_PRIVATE_EXTERN = NO;
				GCC_WARN_64_TO_32_BIT_CONVERSION = YES;
				GCC_WARN_ABOUT_RETURN_TYPE = YES_ERROR;
				GCC_WARN_UNDECLARED_SELECTOR = YES;
				GCC_WARN_UNINITIALIZED_AUTOS = YES_AGGRESSIVE;
				GCC_WARN_UNUSED_FUNCTION = YES;
				GCC_WARN_UNUSED_VARIABLE = YES;
				IPHONEOS_DEPLOYMENT_TARGET = 8.4;
				MTL_ENABLE_DEBUG_INFO = YES;
				ONLY_ACTIVE_ARCH = YES;
				SDKROOT = iphoneos;
				SWIFT_OPTIMIZATION_LEVEL = "-Onone";
			};
			name = Debug;
		};
		341515091B5F002300823EC1 /* Release */ = {
			isa = XCBuildConfiguration;
			buildSettings = {
				ALWAYS_SEARCH_USER_PATHS = NO;
				CLANG_CXX_LANGUAGE_STANDARD = "gnu++0x";
				CLANG_CXX_LIBRARY = "libc++";
				CLANG_ENABLE_MODULES = YES;
				CLANG_ENABLE_OBJC_ARC = YES;
				CLANG_WARN_BOOL_CONVERSION = YES;
				CLANG_WARN_CONSTANT_CONVERSION = YES;
				CLANG_WARN_DIRECT_OBJC_ISA_USAGE = YES_ERROR;
				CLANG_WARN_EMPTY_BODY = YES;
				CLANG_WARN_ENUM_CONVERSION = YES;
				CLANG_WARN_INT_CONVERSION = YES;
				CLANG_WARN_OBJC_ROOT_CLASS = YES_ERROR;
				CLANG_WARN_UNREACHABLE_CODE = YES;
				CLANG_WARN__DUPLICATE_METHOD_MATCH = YES;
				"CODE_SIGN_IDENTITY[sdk=iphoneos*]" = "iPhone Developer";
				COPY_PHASE_STRIP = NO;
				DEBUG_INFORMATION_FORMAT = "dwarf-with-dsym";
				ENABLE_NS_ASSERTIONS = NO;
				ENABLE_STRICT_OBJC_MSGSEND = YES;
				GCC_C_LANGUAGE_STANDARD = gnu99;
				GCC_NO_COMMON_BLOCKS = YES;
				GCC_WARN_64_TO_32_BIT_CONVERSION = YES;
				GCC_WARN_ABOUT_RETURN_TYPE = YES_ERROR;
				GCC_WARN_UNDECLARED_SELECTOR = YES;
				GCC_WARN_UNINITIALIZED_AUTOS = YES_AGGRESSIVE;
				GCC_WARN_UNUSED_FUNCTION = YES;
				GCC_WARN_UNUSED_VARIABLE = YES;
				IPHONEOS_DEPLOYMENT_TARGET = 8.4;
				MTL_ENABLE_DEBUG_INFO = NO;
				SDKROOT = iphoneos;
				VALIDATE_PRODUCT = YES;
			};
			name = Release;
		};
		3415150B1B5F002300823EC1 /* Debug */ = {
			isa = XCBuildConfiguration;
			buildSettings = {
				ASSETCATALOG_COMPILER_APPICON_NAME = AppIcon;
				INFOPLIST_FILE = myCTVC/Info.plist;
				LD_RUNPATH_SEARCH_PATHS = "$(inherited) @executable_path/Frameworks";
				PRODUCT_NAME = "$(TARGET_NAME)";
			};
			name = Debug;
		};
		3415150C1B5F002300823EC1 /* Release */ = {
			isa = XCBuildConfiguration;
			buildSettings = {
				ASSETCATALOG_COMPILER_APPICON_NAME = AppIcon;
				INFOPLIST_FILE = myCTVC/Info.plist;
				LD_RUNPATH_SEARCH_PATHS = "$(inherited) @executable_path/Frameworks";
				PRODUCT_NAME = "$(TARGET_NAME)";
			};
			name = Release;
		};
		3415150E1B5F002300823EC1 /* Debug */ = {
			isa = XCBuildConfiguration;
			buildSettings = {
				BUNDLE_LOADER = "$(TEST_HOST)";
				FRAMEWORK_SEARCH_PATHS = (
					"$(SDKROOT)/Developer/Library/Frameworks",
					"$(inherited)",
				);
				GCC_PREPROCESSOR_DEFINITIONS = (
					"DEBUG=1",
					"$(inherited)",
				);
				INFOPLIST_FILE = myCTVCTests/Info.plist;
				LD_RUNPATH_SEARCH_PATHS = "$(inherited) @executable_path/Frameworks @loader_path/Frameworks";
				PRODUCT_NAME = "$(TARGET_NAME)";
				TEST_HOST = "$(BUILT_PRODUCTS_DIR)/myCTVC.app/myCTVC";
			};
			name = Debug;
		};
		3415150F1B5F002300823EC1 /* Release */ = {
			isa = XCBuildConfiguration;
			buildSettings = {
				BUNDLE_LOADER = "$(TEST_HOST)";
				FRAMEWORK_SEARCH_PATHS = (
					"$(SDKROOT)/Developer/Library/Frameworks",
					"$(inherited)",
				);
				INFOPLIST_FILE = myCTVCTests/Info.plist;
				LD_RUNPATH_SEARCH_PATHS = "$(inherited) @executable_path/Frameworks @loader_path/Frameworks";
				PRODUCT_NAME = "$(TARGET_NAME)";
				TEST_HOST = "$(BUILT_PRODUCTS_DIR)/myCTVC.app/myCTVC";
			};
			name = Release;
		};
/* End XCBuildConfiguration section */

/* Begin XCConfigurationList section */
		341514E61B5F002300823EC1 /* Build configuration list for PBXProject "myCTVC" */ = {
			isa = XCConfigurationList;
			buildConfigurations = (
				341515081B5F002300823EC1 /* Debug */,
				341515091B5F002300823EC1 /* Release */,
			);
			defaultConfigurationIsVisible = 0;
			defaultConfigurationName = Release;
		};
		3415150A1B5F002300823EC1 /* Build configuration list for PBXNativeTarget "myCTVC" */ = {
			isa = XCConfigurationList;
			buildConfigurations = (
				3415150B1B5F002300823EC1 /* Debug */,
				3415150C1B5F002300823EC1 /* Release */,
			);
			defaultConfigurationIsVisible = 0;
			defaultConfigurationName = Release;
		};
		3415150D1B5F002300823EC1 /* Build configuration list for PBXNativeTarget "myCTVCTests" */ = {
			isa = XCConfigurationList;
			buildConfigurations = (
				3415150E1B5F002300823EC1 /* Debug */,
				3415150F1B5F002300823EC1 /* Release */,
			);
			defaultConfigurationIsVisible = 0;
			defaultConfigurationName = Release;
		};
/* End XCConfigurationList section */
	};
	rootObject = 341514E31B5F002300823EC1 /* Project object */;
}
