// !$*UTF8*$!
{
	archiveVersion = 1;
	classes = {
	};
	objectVersion = 47;
	objects = {

/* Begin PBXBuildFile section */
		3457BF0B1B4DD1E300FCCAD3 /* AppDelegate.swift in Sources */ = {isa = PBXBuildFile; fileRef = 3457BF0A1B4DD1E300FCCAD3 /* AppDelegate.swift */; };
		3457BF0D1B4DD1E300FCCAD3 /* ViewController.swift in Sources */ = {isa = PBXBuildFile; fileRef = 3457BF0C1B4DD1E300FCCAD3 /* ViewController.swift */; };
		3457BF101B4DD1E300FCCAD3 /* Main.storyboard in Resources */ = {isa = PBXBuildFile; fileRef = 3457BF0E1B4DD1E300FCCAD3 /* Main.storyboard */; };
		3457BF121B4DD1E300FCCAD3 /* Images.xcassets in Resources */ = {isa = PBXBuildFile; fileRef = 3457BF111B4DD1E300FCCAD3 /* Images.xcassets */; };
		3457BF151B4DD1E300FCCAD3 /* LaunchScreen.xib in Resources */ = {isa = PBXBuildFile; fileRef = 3457BF131B4DD1E300FCCAD3 /* LaunchScreen.xib */; };
		3457BF211B4DD1E300FCCAD3 /* NavCtl_exp1Tests.swift in Sources */ = {isa = PBXBuildFile; fileRef = 3457BF201B4DD1E300FCCAD3 /* NavCtl_exp1Tests.swift */; };
		3457BF311B4EE50100FCCAD3 /* foodViewController.swift in Sources */ = {isa = PBXBuildFile; fileRef = 3457BF301B4EE50100FCCAD3 /* foodViewController.swift */; };
/* End PBXBuildFile section */

/* Begin PBXContainerItemProxy section */
		3457BF1B1B4DD1E300FCCAD3 /* PBXContainerItemProxy */ = {
			isa = PBXContainerItemProxy;
			containerPortal = 3457BEFD1B4DD1E300FCCAD3 /* Project object */;
			proxyType = 1;
			remoteGlobalIDString = 3457BF041B4DD1E300FCCAD3;
			remoteInfo = NavCtl_exp1;
		};
/* End PBXContainerItemProxy section */

/* Begin PBXFileReference section */
		3457BF051B4DD1E300FCCAD3 /* NavCtl_exp1.app */ = {isa = PBXFileReference; explicitFileType = wrapper.application; includeInIndex = 0; path = NavCtl_exp1.app; sourceTree = BUILT_PRODUCTS_DIR; };
		3457BF091B4DD1E300FCCAD3 /* Info.plist */ = {isa = PBXFileReference; lastKnownFileType = text.plist.xml; path = Info.plist; sourceTree = "<group>"; };
		3457BF0A1B4DD1E300FCCAD3 /* AppDelegate.swift */ = {isa = PBXFileReference; lastKnownFileType = sourcecode.swift; path = AppDelegate.swift; sourceTree = "<group>"; };
		3457BF0C1B4DD1E300FCCAD3 /* ViewController.swift */ = {isa = PBXFileReference; lastKnownFileType = sourcecode.swift; path = ViewController.swift; sourceTree = "<group>"; };
		3457BF0F1B4DD1E300FCCAD3 /* Base */ = {isa = PBXFileReference; lastKnownFileType = file.storyboard; name = Base; path = Base.lproj/Main.storyboard; sourceTree = "<group>"; };
		3457BF111B4DD1E300FCCAD3 /* Images.xcassets */ = {isa = PBXFileReference; lastKnownFileType = folder.assetcatalog; path = Images.xcassets; sourceTree = "<group>"; };
		3457BF141B4DD1E300FCCAD3 /* Base */ = {isa = PBXFileReference; lastKnownFileType = file.xib; name = Base; path = Base.lproj/LaunchScreen.xib; sourceTree = "<group>"; };
		3457BF1A1B4DD1E300FCCAD3 /* NavCtl_exp1Tests.xctest */ = {isa = PBXFileReference; explicitFileType = wrapper.cfbundle; includeInIndex = 0; path = NavCtl_exp1Tests.xctest; sourceTree = BUILT_PRODUCTS_DIR; };
		3457BF1F1B4DD1E300FCCAD3 /* Info.plist */ = {isa = PBXFileReference; lastKnownFileType = text.plist.xml; path = Info.plist; sourceTree = "<group>"; };
		3457BF201B4DD1E300FCCAD3 /* NavCtl_exp1Tests.swift */ = {isa = PBXFileReference; lastKnownFileType = sourcecode.swift; path = NavCtl_exp1Tests.swift; sourceTree = "<group>"; };
		3457BF301B4EE50100FCCAD3 /* foodViewController.swift */ = {isa = PBXFileReference; fileEncoding = 4; lastKnownFileType = sourcecode.swift; path = foodViewController.swift; sourceTree = "<group>"; };
/* End PBXFileReference section */

/* Begin PBXFrameworksBuildPhase section */
		3457BF021B4DD1E300FCCAD3 /* Frameworks */ = {
			isa = PBXFrameworksBuildPhase;
			buildActionMask = 2147483647;
			files = (
			);
			runOnlyForDeploymentPostprocessing = 0;
		};
		3457BF171B4DD1E300FCCAD3 /* Frameworks */ = {
			isa = PBXFrameworksBuildPhase;
			buildActionMask = 2147483647;
			files = (
			);
			runOnlyForDeploymentPostprocessing = 0;
		};
/* End PBXFrameworksBuildPhase section */

/* Begin PBXGroup section */
		3457BEFC1B4DD1E300FCCAD3 = {
			isa = PBXGroup;
			children = (
				3457BF071B4DD1E300FCCAD3 /* NavCtl_exp1 */,
				3457BF1D1B4DD1E300FCCAD3 /* NavCtl_exp1Tests */,
				3457BF061B4DD1E300FCCAD3 /* Products */,
			);
			sourceTree = "<group>";
		};
		3457BF061B4DD1E300FCCAD3 /* Products */ = {
			isa = PBXGroup;
			children = (
				3457BF051B4DD1E300FCCAD3 /* NavCtl_exp1.app */,
				3457BF1A1B4DD1E300FCCAD3 /* NavCtl_exp1Tests.xctest */,
			);
			name = Products;
			sourceTree = "<group>";
		};
		3457BF071B4DD1E300FCCAD3 /* NavCtl_exp1 */ = {
			isa = PBXGroup;
			children = (
				3457BF0A1B4DD1E300FCCAD3 /* AppDelegate.swift */,
				3457BF0C1B4DD1E300FCCAD3 /* ViewController.swift */,
				3457BF301B4EE50100FCCAD3 /* foodViewController.swift */,
				3457BF0E1B4DD1E300FCCAD3 /* Main.storyboard */,
				3457BF111B4DD1E300FCCAD3 /* Images.xcassets */,
				3457BF131B4DD1E300FCCAD3 /* LaunchScreen.xib */,
				3457BF081B4DD1E300FCCAD3 /* Supporting Files */,
			);
			path = NavCtl_exp1;
			sourceTree = "<group>";
		};
		3457BF081B4DD1E300FCCAD3 /* Supporting Files */ = {
			isa = PBXGroup;
			children = (
				3457BF091B4DD1E300FCCAD3 /* Info.plist */,
			);
			name = "Supporting Files";
			sourceTree = "<group>";
		};
		3457BF1D1B4DD1E300FCCAD3 /* NavCtl_exp1Tests */ = {
			isa = PBXGroup;
			children = (
				3457BF201B4DD1E300FCCAD3 /* NavCtl_exp1Tests.swift */,
				3457BF1E1B4DD1E300FCCAD3 /* Supporting Files */,
			);
			path = NavCtl_exp1Tests;
			sourceTree = "<group>";
		};
		3457BF1E1B4DD1E300FCCAD3 /* Supporting Files */ = {
			isa = PBXGroup;
			children = (
				3457BF1F1B4DD1E300FCCAD3 /* Info.plist */,
			);
			name = "Supporting Files";
			sourceTree = "<group>";
		};
/* End PBXGroup section */

/* Begin PBXNativeTarget section */
		3457BF041B4DD1E300FCCAD3 /* NavCtl_exp1 */ = {
			isa = PBXNativeTarget;
			buildConfigurationList = 3457BF241B4DD1E300FCCAD3 /* Build configuration list for PBXNativeTarget "NavCtl_exp1" */;
			buildPhases = (
				3457BF011B4DD1E300FCCAD3 /* Sources */,
				3457BF021B4DD1E300FCCAD3 /* Frameworks */,
				3457BF031B4DD1E300FCCAD3 /* Resources */,
			);
			buildRules = (
			);
			dependencies = (
			);
			name = NavCtl_exp1;
			productName = NavCtl_exp1;
			productReference = 3457BF051B4DD1E300FCCAD3 /* NavCtl_exp1.app */;
			productType = "com.apple.product-type.application";
		};
		3457BF191B4DD1E300FCCAD3 /* NavCtl_exp1Tests */ = {
			isa = PBXNativeTarget;
			buildConfigurationList = 3457BF271B4DD1E300FCCAD3 /* Build configuration list for PBXNativeTarget "NavCtl_exp1Tests" */;
			buildPhases = (
				3457BF161B4DD1E300FCCAD3 /* Sources */,
				3457BF171B4DD1E300FCCAD3 /* Frameworks */,
				3457BF181B4DD1E300FCCAD3 /* Resources */,
			);
			buildRules = (
			);
			dependencies = (
				3457BF1C1B4DD1E300FCCAD3 /* PBXTargetDependency */,
			);
			name = NavCtl_exp1Tests;
			productName = NavCtl_exp1Tests;
			productReference = 3457BF1A1B4DD1E300FCCAD3 /* NavCtl_exp1Tests.xctest */;
			productType = "com.apple.product-type.bundle.unit-test";
		};
/* End PBXNativeTarget section */

/* Begin PBXProject section */
		3457BEFD1B4DD1E300FCCAD3 /* Project object */ = {
			isa = PBXProject;
			attributes = {
				LastUpgradeCheck = 0640;
				ORGANIZATIONNAME = Al;
				TargetAttributes = {
					3457BF041B4DD1E300FCCAD3 = {
						CreatedOnToolsVersion = 6.4;
					};
					3457BF191B4DD1E300FCCAD3 = {
						CreatedOnToolsVersion = 6.4;
						TestTargetID = 3457BF041B4DD1E300FCCAD3;
					};
				};
			};
			buildConfigurationList = 3457BF001B4DD1E300FCCAD3 /* Build configuration list for PBXProject "NavCtl_exp1" */;
			compatibilityVersion = "Xcode 6.3";
			developmentRegion = English;
			hasScannedForEncodings = 0;
			knownRegions = (
				en,
				Base,
			);
			mainGroup = 3457BEFC1B4DD1E300FCCAD3;
			productRefGroup = 3457BF061B4DD1E300FCCAD3 /* Products */;
			projectDirPath = "";
			projectRoot = "";
			targets = (
				3457BF041B4DD1E300FCCAD3 /* NavCtl_exp1 */,
				3457BF191B4DD1E300FCCAD3 /* NavCtl_exp1Tests */,
			);
		};
/* End PBXProject section */

/* Begin PBXResourcesBuildPhase section */
		3457BF031B4DD1E300FCCAD3 /* Resources */ = {
			isa = PBXResourcesBuildPhase;
			buildActionMask = 2147483647;
			files = (
				3457BF101B4DD1E300FCCAD3 /* Main.storyboard in Resources */,
				3457BF151B4DD1E300FCCAD3 /* LaunchScreen.xib in Resources */,
				3457BF121B4DD1E300FCCAD3 /* Images.xcassets in Resources */,
			);
			runOnlyForDeploymentPostprocessing = 0;
		};
		3457BF181B4DD1E300FCCAD3 /* Resources */ = {
			isa = PBXResourcesBuildPhase;
			buildActionMask = 2147483647;
			files = (
			);
			runOnlyForDeploymentPostprocessing = 0;
		};
/* End PBXResourcesBuildPhase section */

/* Begin PBXSourcesBuildPhase section */
		3457BF011B4DD1E300FCCAD3 /* Sources */ = {
			isa = PBXSourcesBuildPhase;
			buildActionMask = 2147483647;
			files = (
				3457BF0D1B4DD1E300FCCAD3 /* ViewController.swift in Sources */,
				3457BF311B4EE50100FCCAD3 /* foodViewController.swift in Sources */,
				3457BF0B1B4DD1E300FCCAD3 /* AppDelegate.swift in Sources */,
			);
			runOnlyForDeploymentPostprocessing = 0;
		};
		3457BF161B4DD1E300FCCAD3 /* Sources */ = {
			isa = PBXSourcesBuildPhase;
			buildActionMask = 2147483647;
			files = (
				3457BF211B4DD1E300FCCAD3 /* NavCtl_exp1Tests.swift in Sources */,
			);
			runOnlyForDeploymentPostprocessing = 0;
		};
/* End PBXSourcesBuildPhase section */

/* Begin PBXTargetDependency section */
		3457BF1C1B4DD1E300FCCAD3 /* PBXTargetDependency */ = {
			isa = PBXTargetDependency;
			target = 3457BF041B4DD1E300FCCAD3 /* NavCtl_exp1 */;
			targetProxy = 3457BF1B1B4DD1E300FCCAD3 /* PBXContainerItemProxy */;
		};
/* End PBXTargetDependency section */

/* Begin PBXVariantGroup section */
		3457BF0E1B4DD1E300FCCAD3 /* Main.storyboard */ = {
			isa = PBXVariantGroup;
			children = (
				3457BF0F1B4DD1E300FCCAD3 /* Base */,
			);
			name = Main.storyboard;
			sourceTree = "<group>";
		};
		3457BF131B4DD1E300FCCAD3 /* LaunchScreen.xib */ = {
			isa = PBXVariantGroup;
			children = (
				3457BF141B4DD1E300FCCAD3 /* Base */,
			);
			name = LaunchScreen.xib;
			sourceTree = "<group>";
		};
/* End PBXVariantGroup section */

/* Begin XCBuildConfiguration section */
		3457BF221B4DD1E300FCCAD3 /* Debug */ = {
			isa = XCBuildConfiguration;
			buildSettings = {
				ALWAYS_SEARCH_USER_PATHS = NO;
				CLANG_CXX_LANGUAGE_STANDARD = "gnu++0x";
				CLANG_CXX_LIBRARY = "libc++";
				CLANG_ENABLE_MODULES = YES;
				CLANG_ENABLE_OBJC_ARC = YES;
				CLANG_WARN_BOOL_CONVERSION = YES;
				CLANG_WARN_CONSTANT_CONVERSION = YES;
				CLANG_WARN_DIRECT_OBJC_ISA_USAGE = YES_ERROR;
				CLANG_WARN_EMPTY_BODY = YES;
				CLANG_WARN_ENUM_CONVERSION = YES;
				CLANG_WARN_INT_CONVERSION = YES;
				CLANG_WARN_OBJC_ROOT_CLASS = YES_ERROR;
				CLANG_WARN_UNREACHABLE_CODE = YES;
				CLANG_WARN__DUPLICATE_METHOD_MATCH = YES;
				"CODE_SIGN_IDENTITY[sdk=iphoneos*]" = "iPhone Developer";
				COPY_PHASE_STRIP = NO;
				DEBUG_INFORMATION_FORMAT = "dwarf-with-dsym";
				ENABLE_STRICT_OBJC_MSGSEND = YES;
				GCC_C_LANGUAGE_STANDARD = gnu99;
				GCC_DYNAMIC_NO_PIC = NO;
				GCC_NO_COMMON_BLOCKS = YES;
				GCC_OPTIMIZATION_LEVEL = 0;
				GCC_PREPROCESSOR_DEFINITIONS = (
					"DEBUG=1",
					"$(inherited)",
				);
				GCC_SYMBOLS_PRIVATE_EXTERN = NO;
				GCC_WARN_64_TO_32_BIT_CONVERSION = YES;
				GCC_WARN_ABOUT_RETURN_TYPE = YES_ERROR;
				GCC_WARN_UNDECLARED_SELECTOR = YES;
				GCC_WARN_UNINITIALIZED_AUTOS = YES_AGGRESSIVE;
				GCC_WARN_UNUSED_FUNCTION = YES;
				GCC_WARN_UNUSED_VARIABLE = YES;
				IPHONEOS_DEPLOYMENT_TARGET = 8.4;
				MTL_ENABLE_DEBUG_INFO = YES;
				ONLY_ACTIVE_ARCH = YES;
				SDKROOT = iphoneos;
				SWIFT_OPTIMIZATION_LEVEL = "-Onone";
			};
			name = Debug;
		};
		3457BF231B4DD1E300FCCAD3 /* Release */ = {
			isa = XCBuildConfiguration;
			buildSettings = {
				ALWAYS_SEARCH_USER_PATHS = NO;
				CLANG_CXX_LANGUAGE_STANDARD = "gnu++0x";
				CLANG_CXX_LIBRARY = "libc++";
				CLANG_ENABLE_MODULES = YES;
				CLANG_ENABLE_OBJC_ARC = YES;
				CLANG_WARN_BOOL_CONVERSION = YES;
				CLANG_WARN_CONSTANT_CONVERSION = YES;
				CLANG_WARN_DIRECT_OBJC_ISA_USAGE = YES_ERROR;
				CLANG_WARN_EMPTY_BODY = YES;
				CLANG_WARN_ENUM_CONVERSION = YES;
				CLANG_WARN_INT_CONVERSION = YES;
				CLANG_WARN_OBJC_ROOT_CLASS = YES_ERROR;
				CLANG_WARN_UNREACHABLE_CODE = YES;
				CLANG_WARN__DUPLICATE_METHOD_MATCH = YES;
				"CODE_SIGN_IDENTITY[sdk=iphoneos*]" = "iPhone Developer";
				COPY_PHASE_STRIP = NO;
				DEBUG_INFORMATION_FORMAT = "dwarf-with-dsym";
				ENABLE_NS_ASSERTIONS = NO;
				ENABLE_STRICT_OBJC_MSGSEND = YES;
				GCC_C_LANGUAGE_STANDARD = gnu99;
				GCC_NO_COMMON_BLOCKS = YES;
				GCC_WARN_64_TO_32_BIT_CONVERSION = YES;
				GCC_WARN_ABOUT_RETURN_TYPE = YES_ERROR;
				GCC_WARN_UNDECLARED_SELECTOR = YES;
				GCC_WARN_UNINITIALIZED_AUTOS = YES_AGGRESSIVE;
				GCC_WARN_UNUSED_FUNCTION = YES;
				GCC_WARN_UNUSED_VARIABLE = YES;
				IPHONEOS_DEPLOYMENT_TARGET = 8.4;
				MTL_ENABLE_DEBUG_INFO = NO;
				SDKROOT = iphoneos;
				VALIDATE_PRODUCT = YES;
			};
			name = Release;
		};
		3457BF251B4DD1E300FCCAD3 /* Debug */ = {
			isa = XCBuildConfiguration;
			buildSettings = {
				ASSETCATALOG_COMPILER_APPICON_NAME = AppIcon;
				INFOPLIST_FILE = NavCtl_exp1/Info.plist;
				IPHONEOS_DEPLOYMENT_TARGET = 8.4;
				LD_RUNPATH_SEARCH_PATHS = "$(inherited) @executable_path/Frameworks";
				PRODUCT_NAME = "$(TARGET_NAME)";
			};
			name = Debug;
		};
		3457BF261B4DD1E300FCCAD3 /* Release */ = {
			isa = XCBuildConfiguration;
			buildSettings = {
				ASSETCATALOG_COMPILER_APPICON_NAME = AppIcon;
				INFOPLIST_FILE = NavCtl_exp1/Info.plist;
				IPHONEOS_DEPLOYMENT_TARGET = 8.4;
				LD_RUNPATH_SEARCH_PATHS = "$(inherited) @executable_path/Frameworks";
				PRODUCT_NAME = "$(TARGET_NAME)";
			};
			name = Release;
		};
		3457BF281B4DD1E300FCCAD3 /* Debug */ = {
			isa = XCBuildConfiguration;
			buildSettings = {
				BUNDLE_LOADER = "$(TEST_HOST)";
				FRAMEWORK_SEARCH_PATHS = (
					"$(SDKROOT)/Developer/Library/Frameworks",
					"$(inherited)",
				);
				GCC_PREPROCESSOR_DEFINITIONS = (
					"DEBUG=1",
					"$(inherited)",
				);
				INFOPLIST_FILE = NavCtl_exp1Tests/Info.plist;
				LD_RUNPATH_SEARCH_PATHS = "$(inherited) @executable_path/Frameworks @loader_path/Frameworks";
				PRODUCT_NAME = "$(TARGET_NAME)";
				TEST_HOST = "$(BUILT_PRODUCTS_DIR)/NavCtl_exp1.app/NavCtl_exp1";
			};
			name = Debug;
		};
		3457BF291B4DD1E300FCCAD3 /* Release */ = {
			isa = XCBuildConfiguration;
			buildSettings = {
				BUNDLE_LOADER = "$(TEST_HOST)";
				FRAMEWORK_SEARCH_PATHS = (
					"$(SDKROOT)/Developer/Library/Frameworks",
					"$(inherited)",
				);
				INFOPLIST_FILE = NavCtl_exp1Tests/Info.plist;
				LD_RUNPATH_SEARCH_PATHS = "$(inherited) @executable_path/Frameworks @loader_path/Frameworks";
				PRODUCT_NAME = "$(TARGET_NAME)";
				TEST_HOST = "$(BUILT_PRODUCTS_DIR)/NavCtl_exp1.app/NavCtl_exp1";
			};
			name = Release;
		};
/* End XCBuildConfiguration section */

/* Begin XCConfigurationList section */
		3457BF001B4DD1E300FCCAD3 /* Build configuration list for PBXProject "NavCtl_exp1" */ = {
			isa = XCConfigurationList;
			buildConfigurations = (
				3457BF221B4DD1E300FCCAD3 /* Debug */,
				3457BF231B4DD1E300FCCAD3 /* Release */,
			);
			defaultConfigurationIsVisible = 0;
			defaultConfigurationName = Release;
		};
		3457BF241B4DD1E300FCCAD3 /* Build configuration list for PBXNativeTarget "NavCtl_exp1" */ = {
			isa = XCConfigurationList;
			buildConfigurations = (
				3457BF251B4DD1E300FCCAD3 /* Debug */,
				3457BF261B4DD1E300FCCAD3 /* Release */,
			);
			defaultConfigurationIsVisible = 0;
			defaultConfigurationName = Release;
		};
		3457BF271B4DD1E300FCCAD3 /* Build configuration list for PBXNativeTarget "NavCtl_exp1Tests" */ = {
			isa = XCConfigurationList;
			buildConfigurations = (
				3457BF281B4DD1E300FCCAD3 /* Debug */,
				3457BF291B4DD1E300FCCAD3 /* Release */,
			);
			defaultConfigurationIsVisible = 0;
			defaultConfigurationName = Release;
		};
/* End XCConfigurationList section */
	};
	rootObject = 3457BEFD1B4DD1E300FCCAD3 /* Project object */;
}
